<?xml version="1.0" encoding="utf-8"?>
<Project ToolsVersion="17.0" xmlns="http://schemas.microsoft.com/developer/msbuild/2003">
  <ItemGroup>
    <ClCompile Include="D:\@Github\HDMapping085-2025-08-08_17\core\src\color_las_loader.cpp">
      <Filter>Source Files</Filter>
    </ClCompile>
    <ClCompile Include="D:\@Github\HDMapping085-2025-08-08_17\core\src\gnss.cpp">
      <Filter>Source Files</Filter>
    </ClCompile>
    <ClCompile Include="D:\@Github\HDMapping085-2025-08-08_17\core\src\icp.cpp">
      <Filter>Source Files</Filter>
    </ClCompile>
    <ClCompile Include="D:\@Github\HDMapping085-2025-08-08_17\core\src\ndt.cpp">
      <Filter>Source Files</Filter>
    </ClCompile>
    <ClCompile Include="D:\@Github\HDMapping085-2025-08-08_17\core\src\nns.cpp">
      <Filter>Source Files</Filter>
    </ClCompile>
    <ClCompile Include="D:\@Github\HDMapping085-2025-08-08_17\core\src\nmea.cpp">
      <Filter>Source Files</Filter>
    </ClCompile>
    <ClCompile Include="D:\@Github\HDMapping085-2025-08-08_17\core\src\optimization_point_to_point_source_to_target.cpp">
      <Filter>Source Files</Filter>
    </ClCompile>
    <ClCompile Include="D:\@Github\HDMapping085-2025-08-08_17\core\src\optimize_distance_point_to_plane_source_to_target.cpp">
      <Filter>Source Files</Filter>
    </ClCompile>
    <ClCompile Include="D:\@Github\HDMapping085-2025-08-08_17\core\src\optimize_plane_to_plane_source_to_target.cpp">
      <Filter>Source Files</Filter>
    </ClCompile>
    <ClCompile Include="D:\@Github\HDMapping085-2025-08-08_17\core\src\optimize_point_to_plane_source_to_target.cpp">
      <Filter>Source Files</Filter>
    </ClCompile>
    <ClCompile Include="D:\@Github\HDMapping085-2025-08-08_17\core\src\optimize_point_to_projection_onto_plane_source_to_target.cpp">
      <Filter>Source Files</Filter>
    </ClCompile>
    <ClCompile Include="D:\@Github\HDMapping085-2025-08-08_17\core\src\pcl_wrapper.cpp">
      <Filter>Source Files</Filter>
    </ClCompile>
    <ClCompile Include="D:\@Github\HDMapping085-2025-08-08_17\core\src\plycpp.cpp">
      <Filter>Source Files</Filter>
    </ClCompile>
    <ClCompile Include="D:\@Github\HDMapping085-2025-08-08_17\core\src\point_cloud.cpp">
      <Filter>Source Files</Filter>
    </ClCompile>
    <ClCompile Include="D:\@Github\HDMapping085-2025-08-08_17\core\src\point_clouds.cpp">
      <Filter>Source Files</Filter>
    </ClCompile>
    <ClCompile Include="D:\@Github\HDMapping085-2025-08-08_17\core\src\pose_graph_slam.cpp">
      <Filter>Source Files</Filter>
    </ClCompile>
    <ClCompile Include="D:\@Github\HDMapping085-2025-08-08_17\core\src\pose_graph_loop_closure.cpp">
      <Filter>Source Files</Filter>
    </ClCompile>
    <ClCompile Include="D:\@Github\HDMapping085-2025-08-08_17\core\src\session.cpp">
      <Filter>Source Files</Filter>
    </ClCompile>
    <ClCompile Include="D:\@Github\HDMapping085-2025-08-08_17\core\src\wgs84_do_puwg92.cc">
      <Filter>Source Files</Filter>
    </ClCompile>
    <ClCompile Include="D:\@Github\HDMapping085-2025-08-08_17\core\src\pair_wise_iterative_closest_point.cpp">
      <Filter>Source Files</Filter>
    </ClCompile>
    <ClCompile Include="D:\@Github\HDMapping085-2025-08-08_17\core\src\hash_utils.cpp">
      <Filter>Source Files</Filter>
    </ClCompile>
    <ClCompile Include="D:\@Github\HDMapping085-2025-08-08_17\core\src\ground_control_points.cpp">
      <Filter>Source Files</Filter>
    </ClCompile>
    <ClCompile Include="D:\@Github\HDMapping085-2025-08-08_17\core\src\control_points.cpp">
      <Filter>Source Files</Filter>
    </ClCompile>
    <ClCompile Include="D:\@Github\HDMapping085-2025-08-08_17\core\src\registration_plane_feature.cpp">
      <Filter>Source Files</Filter>
    </ClCompile>
  </ItemGroup>
  <ItemGroup>
    <ClInclude Include="D:\@Github\HDMapping085-2025-08-08_17\core\include\color_las_loader.h">
      <Filter>Header Files</Filter>
    </ClInclude>
    <ClInclude Include="D:\@Github\HDMapping085-2025-08-08_17\core\include\gnss.h">
      <Filter>Header Files</Filter>
    </ClInclude>
    <ClInclude Include="D:\@Github\HDMapping085-2025-08-08_17\core\include\icp.h">
      <Filter>Header Files</Filter>
    </ClInclude>
    <ClInclude Include="D:\@Github\HDMapping085-2025-08-08_17\core\include\m_estimators.h">
      <Filter>Header Files</Filter>
    </ClInclude>
    <ClInclude Include="D:\@Github\HDMapping085-2025-08-08_17\core\include\pose_graph_loop_closure.h">
      <Filter>Header Files</Filter>
    </ClInclude>
    <ClInclude Include="D:\@Github\HDMapping085-2025-08-08_17\core\include\ndt.h">
      <Filter>Header Files</Filter>
    </ClInclude>
    <ClInclude Include="D:\@Github\HDMapping085-2025-08-08_17\core\include\nns.h">
      <Filter>Header Files</Filter>
    </ClInclude>
    <ClInclude Include="D:\@Github\HDMapping085-2025-08-08_17\core\include\nmea.h">
      <Filter>Header Files</Filter>
    </ClInclude>
    <ClInclude Include="D:\@Github\HDMapping085-2025-08-08_17\core\include\pcl_wrapper.h">
      <Filter>Header Files</Filter>
    </ClInclude>
    <ClInclude Include="D:\@Github\HDMapping085-2025-08-08_17\core\include\plycpp.h">
      <Filter>Header Files</Filter>
    </ClInclude>
    <ClInclude Include="D:\@Github\HDMapping085-2025-08-08_17\core\include\point_cloud.h">
      <Filter>Header Files</Filter>
    </ClInclude>
    <ClInclude Include="D:\@Github\HDMapping085-2025-08-08_17\core\include\point_clouds.h">
      <Filter>Header Files</Filter>
    </ClInclude>
    <ClInclude Include="D:\@Github\HDMapping085-2025-08-08_17\core\include\pose_graph_slam.h">
      <Filter>Header Files</Filter>
    </ClInclude>
    <ClInclude Include="D:\@Github\HDMapping085-2025-08-08_17\core\include\registration_plane_feature.h">
      <Filter>Header Files</Filter>
    </ClInclude>
    <ClInclude Include="D:\@Github\HDMapping085-2025-08-08_17\core\include\session.h">
      <Filter>Header Files</Filter>
    </ClInclude>
    <ClInclude Include="D:\@Github\HDMapping085-2025-08-08_17\core\include\structures.h">
      <Filter>Header Files</Filter>
    </ClInclude>
    <ClInclude Include="D:\@Github\HDMapping085-2025-08-08_17\core\include\transformations.h">
      <Filter>Header Files</Filter>
    </ClInclude>
    <ClInclude Include="D:\@Github\HDMapping085-2025-08-08_17\core\include\wgs84_do_puwg92.h">
      <Filter>Header Files</Filter>
    </ClInclude>
    <ClInclude Include="D:\@Github\HDMapping085-2025-08-08_17\core\include\WGS84toCartesian.hpp">
      <Filter>Header Files</Filter>
    </ClInclude>
  </ItemGroup>
  <ItemGroup>
    <CustomBuild Include="D:\@Github\HDMapping085-2025-08-08_17\core\CMakeLists.txt" />
  </ItemGroup>
  <ItemGroup>
    <Filter Include="Header Files">
      <UniqueIdentifier>{E47BC96A-CA58-374E-A399-080A6AEA54BC}</UniqueIdentifier>
    </Filter>
    <Filter Include="Source Files">
      <UniqueIdentifier>{F470C0FA-51D1-36BD-B47D-F20B567B58A6}</UniqueIdentifier>
    </Filter>
  </ItemGroup>
</Project>
