
Microsoft Visual Studio Solution File, Format Version 12.00
# Visual Studio Version 17
Project("{2150E333-8FDC-42A3-9474-1A3956D46DE8}") = "CMakePredefinedTargets", "CMakePredefinedTargets", "{91120063-64B1-3DF0-A3E7-665A3F8AAAE8}"
EndProject
Project("{2150E333-8FDC-42A3-9474-1A3956D46DE8}") = "Libraries", "Libraries", "{7F4099C1-7B0F-3ADD-8D3D-81161AC9D065}"
EndProject
Project("{8BC9CEB8-8B4A-11D0-8D11-00A0C91BC942}") = "ALL_BUILD", "ALL_BUILD.vcxproj", "{C77CC514-E5D9-370F-B8D3-9F6DFA2D1454}"
	ProjectSection(ProjectDependencies) = postProject
		{2371A0E6-B378-36C8-B00E-7813230DF23D} = {2371A0E6-B378-36C8-B00E-7813230DF23D}
		{C4FB08C6-0E18-3EFE-8E81-1499E892600B} = {C4FB08C6-0E18-3EFE-8E81-1499E892600B}
		{B41E2887-FDF1-3BF0-949D-281EEC7180CD} = {B41E2887-FDF1-3BF0-949D-281EEC7180CD}
	EndProjectSection
EndProject
Project("{8BC9CEB8-8B4A-11D0-8D11-00A0C91BC942}") = "INSTALL", "INSTALL.vcxproj", "{B529A607-1F27-32D1-AA23-DF881D61087A}"
	ProjectSection(ProjectDependencies) = postProject
		{C77CC514-E5D9-370F-B8D3-9F6DFA2D1454} = {C77CC514-E5D9-370F-B8D3-9F6DFA2D1454}
		{2371A0E6-B378-36C8-B00E-7813230DF23D} = {2371A0E6-B378-36C8-B00E-7813230DF23D}
	EndProjectSection
EndProject
Project("{8BC9CEB8-8B4A-11D0-8D11-00A0C91BC942}") = "PACKAGE", "PACKAGE.vcxproj", "{371A01BF-4A3A-3B65-BD31-702ADACED927}"
	ProjectSection(ProjectDependencies) = postProject
		{C77CC514-E5D9-370F-B8D3-9F6DFA2D1454} = {C77CC514-E5D9-370F-B8D3-9F6DFA2D1454}
		{2371A0E6-B378-36C8-B00E-7813230DF23D} = {2371A0E6-B378-36C8-B00E-7813230DF23D}
	EndProjectSection
EndProject
Project("{8BC9CEB8-8B4A-11D0-8D11-00A0C91BC942}") = "ZERO_CHECK", "..\\ZERO_CHECK.vcxproj", "{2371A0E6-B378-36C8-B00E-7813230DF23D}"
	ProjectSection(ProjectDependencies) = postProject
	EndProjectSection
EndProject
Project("{8BC9CEB8-8B4A-11D0-8D11-00A0C91BC942}") = "core", "core.vcxproj", "{C4FB08C6-0E18-3EFE-8E81-1499E892600B}"
	ProjectSection(ProjectDependencies) = postProject
		{2371A0E6-B378-36C8-B00E-7813230DF23D} = {2371A0E6-B378-36C8-B00E-7813230DF23D}
		{6ADAA227-421C-3F43-95C1-31337BC713E3} = {6ADAA227-421C-3F43-95C1-31337BC713E3}
	EndProjectSection
EndProject
Project("{8BC9CEB8-8B4A-11D0-8D11-00A0C91BC942}") = "core_no_gui", "core_no_gui.vcxproj", "{B41E2887-FDF1-3BF0-949D-281EEC7180CD}"
	ProjectSection(ProjectDependencies) = postProject
		{2371A0E6-B378-36C8-B00E-7813230DF23D} = {2371A0E6-B378-36C8-B00E-7813230DF23D}
		{6ADAA227-421C-3F43-95C1-31337BC713E3} = {6ADAA227-421C-3F43-95C1-31337BC713E3}
	EndProjectSection
EndProject
Project("{8BC9CEB8-8B4A-11D0-8D11-00A0C91BC942}") = "laszip3", "..\3rdparty\LASzip\src\laszip3.vcxproj", "{6ADAA227-421C-3F43-95C1-31337BC713E3}"
	ProjectSection(ProjectDependencies) = postProject
		{2371A0E6-B378-36C8-B00E-7813230DF23D} = {2371A0E6-B378-36C8-B00E-7813230DF23D}
	EndProjectSection
EndProject
Global
	GlobalSection(SolutionConfigurationPlatforms) = preSolution
		Debug|x64 = Debug|x64
		Release|x64 = Release|x64
		MinSizeRel|x64 = MinSizeRel|x64
		RelWithDebInfo|x64 = RelWithDebInfo|x64
	EndGlobalSection
	GlobalSection(ProjectConfigurationPlatforms) = postSolution
		{C77CC514-E5D9-370F-B8D3-9F6DFA2D1454}.Debug|x64.ActiveCfg = Debug|x64
		{C77CC514-E5D9-370F-B8D3-9F6DFA2D1454}.Debug|x64.Build.0 = Debug|x64
		{C77CC514-E5D9-370F-B8D3-9F6DFA2D1454}.Release|x64.ActiveCfg = Release|x64
		{C77CC514-E5D9-370F-B8D3-9F6DFA2D1454}.Release|x64.Build.0 = Release|x64
		{C77CC514-E5D9-370F-B8D3-9F6DFA2D1454}.MinSizeRel|x64.ActiveCfg = MinSizeRel|x64
		{C77CC514-E5D9-370F-B8D3-9F6DFA2D1454}.MinSizeRel|x64.Build.0 = MinSizeRel|x64
		{C77CC514-E5D9-370F-B8D3-9F6DFA2D1454}.RelWithDebInfo|x64.ActiveCfg = RelWithDebInfo|x64
		{C77CC514-E5D9-370F-B8D3-9F6DFA2D1454}.RelWithDebInfo|x64.Build.0 = RelWithDebInfo|x64
		{B529A607-1F27-32D1-AA23-DF881D61087A}.Debug|x64.ActiveCfg = Debug|x64
		{B529A607-1F27-32D1-AA23-DF881D61087A}.Release|x64.ActiveCfg = Release|x64
		{B529A607-1F27-32D1-AA23-DF881D61087A}.MinSizeRel|x64.ActiveCfg = MinSizeRel|x64
		{B529A607-1F27-32D1-AA23-DF881D61087A}.RelWithDebInfo|x64.ActiveCfg = RelWithDebInfo|x64
		{371A01BF-4A3A-3B65-BD31-702ADACED927}.Debug|x64.ActiveCfg = Debug|x64
		{371A01BF-4A3A-3B65-BD31-702ADACED927}.Release|x64.ActiveCfg = Release|x64
		{371A01BF-4A3A-3B65-BD31-702ADACED927}.MinSizeRel|x64.ActiveCfg = MinSizeRel|x64
		{371A01BF-4A3A-3B65-BD31-702ADACED927}.RelWithDebInfo|x64.ActiveCfg = RelWithDebInfo|x64
		{2371A0E6-B378-36C8-B00E-7813230DF23D}.Debug|x64.ActiveCfg = Debug|x64
		{2371A0E6-B378-36C8-B00E-7813230DF23D}.Debug|x64.Build.0 = Debug|x64
		{2371A0E6-B378-36C8-B00E-7813230DF23D}.Release|x64.ActiveCfg = Release|x64
		{2371A0E6-B378-36C8-B00E-7813230DF23D}.Release|x64.Build.0 = Release|x64
		{2371A0E6-B378-36C8-B00E-7813230DF23D}.MinSizeRel|x64.ActiveCfg = MinSizeRel|x64
		{2371A0E6-B378-36C8-B00E-7813230DF23D}.MinSizeRel|x64.Build.0 = MinSizeRel|x64
		{2371A0E6-B378-36C8-B00E-7813230DF23D}.RelWithDebInfo|x64.ActiveCfg = RelWithDebInfo|x64
		{2371A0E6-B378-36C8-B00E-7813230DF23D}.RelWithDebInfo|x64.Build.0 = RelWithDebInfo|x64
		{C4FB08C6-0E18-3EFE-8E81-1499E892600B}.Debug|x64.ActiveCfg = Debug|x64
		{C4FB08C6-0E18-3EFE-8E81-1499E892600B}.Debug|x64.Build.0 = Debug|x64
		{C4FB08C6-0E18-3EFE-8E81-1499E892600B}.Release|x64.ActiveCfg = Release|x64
		{C4FB08C6-0E18-3EFE-8E81-1499E892600B}.Release|x64.Build.0 = Release|x64
		{C4FB08C6-0E18-3EFE-8E81-1499E892600B}.MinSizeRel|x64.ActiveCfg = MinSizeRel|x64
		{C4FB08C6-0E18-3EFE-8E81-1499E892600B}.MinSizeRel|x64.Build.0 = MinSizeRel|x64
		{C4FB08C6-0E18-3EFE-8E81-1499E892600B}.RelWithDebInfo|x64.ActiveCfg = RelWithDebInfo|x64
		{C4FB08C6-0E18-3EFE-8E81-1499E892600B}.RelWithDebInfo|x64.Build.0 = RelWithDebInfo|x64
		{B41E2887-FDF1-3BF0-949D-281EEC7180CD}.Debug|x64.ActiveCfg = Debug|x64
		{B41E2887-FDF1-3BF0-949D-281EEC7180CD}.Debug|x64.Build.0 = Debug|x64
		{B41E2887-FDF1-3BF0-949D-281EEC7180CD}.Release|x64.ActiveCfg = Release|x64
		{B41E2887-FDF1-3BF0-949D-281EEC7180CD}.Release|x64.Build.0 = Release|x64
		{B41E2887-FDF1-3BF0-949D-281EEC7180CD}.MinSizeRel|x64.ActiveCfg = MinSizeRel|x64
		{B41E2887-FDF1-3BF0-949D-281EEC7180CD}.MinSizeRel|x64.Build.0 = MinSizeRel|x64
		{B41E2887-FDF1-3BF0-949D-281EEC7180CD}.RelWithDebInfo|x64.ActiveCfg = RelWithDebInfo|x64
		{B41E2887-FDF1-3BF0-949D-281EEC7180CD}.RelWithDebInfo|x64.Build.0 = RelWithDebInfo|x64
		{6ADAA227-421C-3F43-95C1-31337BC713E3}.Debug|x64.ActiveCfg = Debug|x64
		{6ADAA227-421C-3F43-95C1-31337BC713E3}.Debug|x64.Build.0 = Debug|x64
		{6ADAA227-421C-3F43-95C1-31337BC713E3}.Release|x64.ActiveCfg = Release|x64
		{6ADAA227-421C-3F43-95C1-31337BC713E3}.Release|x64.Build.0 = Release|x64
		{6ADAA227-421C-3F43-95C1-31337BC713E3}.MinSizeRel|x64.ActiveCfg = MinSizeRel|x64
		{6ADAA227-421C-3F43-95C1-31337BC713E3}.MinSizeRel|x64.Build.0 = MinSizeRel|x64
		{6ADAA227-421C-3F43-95C1-31337BC713E3}.RelWithDebInfo|x64.ActiveCfg = RelWithDebInfo|x64
		{6ADAA227-421C-3F43-95C1-31337BC713E3}.RelWithDebInfo|x64.Build.0 = RelWithDebInfo|x64
	EndGlobalSection
	GlobalSection(NestedProjects) = preSolution
		{C77CC514-E5D9-370F-B8D3-9F6DFA2D1454} = {91120063-64B1-3DF0-A3E7-665A3F8AAAE8}
		{B529A607-1F27-32D1-AA23-DF881D61087A} = {91120063-64B1-3DF0-A3E7-665A3F8AAAE8}
		{371A01BF-4A3A-3B65-BD31-702ADACED927} = {91120063-64B1-3DF0-A3E7-665A3F8AAAE8}
		{2371A0E6-B378-36C8-B00E-7813230DF23D} = {91120063-64B1-3DF0-A3E7-665A3F8AAAE8}
		{6ADAA227-421C-3F43-95C1-31337BC713E3} = {7F4099C1-7B0F-3ADD-8D3D-81161AC9D065}
	EndGlobalSection
	GlobalSection(ExtensibilityGlobals) = postSolution
		SolutionGuid = {2DC2E22B-F786-3E86-A85D-D4C155B80799}
	EndGlobalSection
	GlobalSection(ExtensibilityAddIns) = postSolution
	EndGlobalSection
EndGlobal
