<?xml version="1.0" encoding="utf-8"?>
<Project ToolsVersion="17.0" xmlns="http://schemas.microsoft.com/developer/msbuild/2003">
  <ItemGroup>
    <ClCompile Include="D:\@Github\HDMapping085-2025-08-08_17\3rdparty\imgui\imgui_demo.cpp">
      <Filter>Source Files</Filter>
    </ClCompile>
    <ClCompile Include="D:\@Github\HDMapping085-2025-08-08_17\3rdparty\imgui\imgui_draw.cpp">
      <Filter>Source Files</Filter>
    </ClCompile>
    <ClCompile Include="D:\@Github\HDMapping085-2025-08-08_17\3rdparty\imgui\imgui_tables.cpp">
      <Filter>Source Files</Filter>
    </ClCompile>
    <ClCompile Include="D:\@Github\HDMapping085-2025-08-08_17\3rdparty\imgui\imgui_widgets.cpp">
      <Filter>Source Files</Filter>
    </ClCompile>
    <ClCompile Include="D:\@Github\HDMapping085-2025-08-08_17\3rdparty\imgui\imgui.cpp">
      <Filter>Source Files</Filter>
    </ClCompile>
    <ClCompile Include="D:\@Github\HDMapping085-2025-08-08_17\3rdparty\imgui\backends\imgui_impl_glut.cpp">
      <Filter>Source Files</Filter>
    </ClCompile>
    <ClCompile Include="D:\@Github\HDMapping085-2025-08-08_17\3rdparty\imgui\backends\imgui_impl_opengl2.cpp">
      <Filter>Source Files</Filter>
    </ClCompile>
  </ItemGroup>
  <ItemGroup>
    <ClInclude Include="D:\@Github\HDMapping085-2025-08-08_17\3rdparty\imgui\imgui.h">
      <Filter>Header Files</Filter>
    </ClInclude>
    <ClInclude Include="D:\@Github\HDMapping085-2025-08-08_17\3rdparty\imgui\backends\imgui_impl_glut.h">
      <Filter>Header Files</Filter>
    </ClInclude>
    <ClInclude Include="D:\@Github\HDMapping085-2025-08-08_17\3rdparty\imgui\backends\imgui_impl_opengl2.h">
      <Filter>Header Files</Filter>
    </ClInclude>
  </ItemGroup>
  <ItemGroup>
    <CustomBuild Include="D:\@Github\HDMapping085-2025-08-08_17\CMakeLists.txt" />
  </ItemGroup>
  <ItemGroup>
    <Filter Include="Header Files">
      <UniqueIdentifier>{7DA9FFD3-224C-3021-B63D-E34BC7BFA730}</UniqueIdentifier>
    </Filter>
    <Filter Include="Source Files">
      <UniqueIdentifier>{762D2470-ED7B-3CD6-8464-1F2615F96827}</UniqueIdentifier>
    </Filter>
  </ItemGroup>
</Project>
