
Microsoft Visual Studio Solution File, Format Version 12.00
# Visual Studio Version 17
Project("{2150E333-8FDC-42A3-9474-1A3956D46DE8}") = "CMakePredefinedTargets", "CMakePredefinedTargets", "{CBABF8C6-97A3-340A-8E20-CEFB32295A6B}"
EndProject
Project("{2150E333-8FDC-42A3-9474-1A3956D46DE8}") = "Libraries", "Libraries", "{B63696AC-D4A4-3905-98C6-D34E44994D6A}"
EndProject
Project("{8BC9CEB8-8B4A-11D0-8D11-00A0C91BC942}") = "ALL_BUILD", "ALL_BUILD.vcxproj", "{2C123F02-892C-31B5-AE48-645E14204078}"
	ProjectSection(ProjectDependencies) = postProject
		{A122BE2D-3C94-3BB0-A8B0-27183FA552CD} = {A122BE2D-3C94-3BB0-A8B0-27183FA552CD}
		{113AB725-4D27-3CBE-B53C-BE72E048DC8D} = {113AB725-4D27-3CBE-B53C-BE72E048DC8D}
	EndProjectSection
EndProject
Project("{8BC9CEB8-8B4A-11D0-8D11-00A0C91BC942}") = "Fusion", "..\..\3rdparty\Fusion\Fusion\Fusion.vcxproj", "{C5A36D3D-C253-3A1B-98AA-0309B7203A46}"
	ProjectSection(ProjectDependencies) = postProject
		{A122BE2D-3C94-3BB0-A8B0-27183FA552CD} = {A122BE2D-3C94-3BB0-A8B0-27183FA552CD}
	EndProjectSection
EndProject
Project("{8BC9CEB8-8B4A-11D0-8D11-00A0C91BC942}") = "INSTALL", "INSTALL.vcxproj", "{476E712F-9569-3416-9AB3-3966C889CC56}"
	ProjectSection(ProjectDependencies) = postProject
		{2C123F02-892C-31B5-AE48-645E14204078} = {2C123F02-892C-31B5-AE48-645E14204078}
		{A122BE2D-3C94-3BB0-A8B0-27183FA552CD} = {A122BE2D-3C94-3BB0-A8B0-27183FA552CD}
	EndProjectSection
EndProject
Project("{8BC9CEB8-8B4A-11D0-8D11-00A0C91BC942}") = "PACKAGE", "PACKAGE.vcxproj", "{6A5F8459-C6DE-377B-8A7E-A683403BBF33}"
	ProjectSection(ProjectDependencies) = postProject
		{2C123F02-892C-31B5-AE48-645E14204078} = {2C123F02-892C-31B5-AE48-645E14204078}
		{A122BE2D-3C94-3BB0-A8B0-27183FA552CD} = {A122BE2D-3C94-3BB0-A8B0-27183FA552CD}
	EndProjectSection
EndProject
Project("{8BC9CEB8-8B4A-11D0-8D11-00A0C91BC942}") = "ZERO_CHECK", "..\..\\ZERO_CHECK.vcxproj", "{A122BE2D-3C94-3BB0-A8B0-27183FA552CD}"
	ProjectSection(ProjectDependencies) = postProject
	EndProjectSection
EndProject
Project("{8BC9CEB8-8B4A-11D0-8D11-00A0C91BC942}") = "core", "..\..\core\core.vcxproj", "{88408A4A-80DE-3396-ABA9-363E6E67876D}"
	ProjectSection(ProjectDependencies) = postProject
		{A122BE2D-3C94-3BB0-A8B0-27183FA552CD} = {A122BE2D-3C94-3BB0-A8B0-27183FA552CD}
		{C4FC066F-3B40-3F75-9754-2073B815DE12} = {C4FC066F-3B40-3F75-9754-2073B815DE12}
	EndProjectSection
EndProject
Project("{8BC9CEB8-8B4A-11D0-8D11-00A0C91BC942}") = "core-hd-mapping", "..\..\core_hd_mapping\core-hd-mapping.vcxproj", "{694C6B31-E85E-3D95-BAF2-A06E1800F7C5}"
	ProjectSection(ProjectDependencies) = postProject
		{A122BE2D-3C94-3BB0-A8B0-27183FA552CD} = {A122BE2D-3C94-3BB0-A8B0-27183FA552CD}
		{88408A4A-80DE-3396-ABA9-363E6E67876D} = {88408A4A-80DE-3396-ABA9-363E6E67876D}
		{C4FC066F-3B40-3F75-9754-2073B815DE12} = {C4FC066F-3B40-3F75-9754-2073B815DE12}
	EndProjectSection
EndProject
Project("{8BC9CEB8-8B4A-11D0-8D11-00A0C91BC942}") = "freeglut", "..\..\3rdparty\freeglut\freeglut.vcxproj", "{CE3466BD-2204-3E19-B542-59DFE18F27A3}"
	ProjectSection(ProjectDependencies) = postProject
		{A122BE2D-3C94-3BB0-A8B0-27183FA552CD} = {A122BE2D-3C94-3BB0-A8B0-27183FA552CD}
	EndProjectSection
EndProject
Project("{8BC9CEB8-8B4A-11D0-8D11-00A0C91BC942}") = "imgui", "..\..\\imgui.vcxproj", "{4E67F00F-8859-31EA-9DCC-B07CD25D4E1E}"
	ProjectSection(ProjectDependencies) = postProject
		{A122BE2D-3C94-3BB0-A8B0-27183FA552CD} = {A122BE2D-3C94-3BB0-A8B0-27183FA552CD}
	EndProjectSection
EndProject
Project("{8BC9CEB8-8B4A-11D0-8D11-00A0C91BC942}") = "imguizmo", "..\..\\imguizmo.vcxproj", "{EDDB6A83-0F38-3417-9D91-8AED1415EF95}"
	ProjectSection(ProjectDependencies) = postProject
		{A122BE2D-3C94-3BB0-A8B0-27183FA552CD} = {A122BE2D-3C94-3BB0-A8B0-27183FA552CD}
	EndProjectSection
EndProject
Project("{8BC9CEB8-8B4A-11D0-8D11-00A0C91BC942}") = "implot", "..\..\\implot.vcxproj", "{BF5A42D8-613E-3D6B-A7AB-6FB0E1974B28}"
	ProjectSection(ProjectDependencies) = postProject
		{A122BE2D-3C94-3BB0-A8B0-27183FA552CD} = {A122BE2D-3C94-3BB0-A8B0-27183FA552CD}
	EndProjectSection
EndProject
Project("{8BC9CEB8-8B4A-11D0-8D11-00A0C91BC942}") = "laszip3", "..\..\3rdparty\LASzip\src\laszip3.vcxproj", "{C4FC066F-3B40-3F75-9754-2073B815DE12}"
	ProjectSection(ProjectDependencies) = postProject
		{A122BE2D-3C94-3BB0-A8B0-27183FA552CD} = {A122BE2D-3C94-3BB0-A8B0-27183FA552CD}
	EndProjectSection
EndProject
Project("{8BC9CEB8-8B4A-11D0-8D11-00A0C91BC942}") = "lidar_odometry_step_1", "lidar_odometry_step_1.vcxproj", "{113AB725-4D27-3CBE-B53C-BE72E048DC8D}"
	ProjectSection(ProjectDependencies) = postProject
		{C5A36D3D-C253-3A1B-98AA-0309B7203A46} = {C5A36D3D-C253-3A1B-98AA-0309B7203A46}
		{A122BE2D-3C94-3BB0-A8B0-27183FA552CD} = {A122BE2D-3C94-3BB0-A8B0-27183FA552CD}
		{88408A4A-80DE-3396-ABA9-363E6E67876D} = {88408A4A-80DE-3396-ABA9-363E6E67876D}
		{694C6B31-E85E-3D95-BAF2-A06E1800F7C5} = {694C6B31-E85E-3D95-BAF2-A06E1800F7C5}
		{CE3466BD-2204-3E19-B542-59DFE18F27A3} = {CE3466BD-2204-3E19-B542-59DFE18F27A3}
		{4E67F00F-8859-31EA-9DCC-B07CD25D4E1E} = {4E67F00F-8859-31EA-9DCC-B07CD25D4E1E}
		{EDDB6A83-0F38-3417-9D91-8AED1415EF95} = {EDDB6A83-0F38-3417-9D91-8AED1415EF95}
		{BF5A42D8-613E-3D6B-A7AB-6FB0E1974B28} = {BF5A42D8-613E-3D6B-A7AB-6FB0E1974B28}
		{C4FC066F-3B40-3F75-9754-2073B815DE12} = {C4FC066F-3B40-3F75-9754-2073B815DE12}
	EndProjectSection
EndProject
Global
	GlobalSection(SolutionConfigurationPlatforms) = preSolution
		Debug|x64 = Debug|x64
		Release|x64 = Release|x64
		MinSizeRel|x64 = MinSizeRel|x64
		RelWithDebInfo|x64 = RelWithDebInfo|x64
	EndGlobalSection
	GlobalSection(ProjectConfigurationPlatforms) = postSolution
		{2C123F02-892C-31B5-AE48-645E14204078}.Debug|x64.ActiveCfg = Debug|x64
		{2C123F02-892C-31B5-AE48-645E14204078}.Debug|x64.Build.0 = Debug|x64
		{2C123F02-892C-31B5-AE48-645E14204078}.Release|x64.ActiveCfg = Release|x64
		{2C123F02-892C-31B5-AE48-645E14204078}.Release|x64.Build.0 = Release|x64
		{2C123F02-892C-31B5-AE48-645E14204078}.MinSizeRel|x64.ActiveCfg = MinSizeRel|x64
		{2C123F02-892C-31B5-AE48-645E14204078}.MinSizeRel|x64.Build.0 = MinSizeRel|x64
		{2C123F02-892C-31B5-AE48-645E14204078}.RelWithDebInfo|x64.ActiveCfg = RelWithDebInfo|x64
		{2C123F02-892C-31B5-AE48-645E14204078}.RelWithDebInfo|x64.Build.0 = RelWithDebInfo|x64
		{C5A36D3D-C253-3A1B-98AA-0309B7203A46}.Debug|x64.ActiveCfg = Debug|x64
		{C5A36D3D-C253-3A1B-98AA-0309B7203A46}.Debug|x64.Build.0 = Debug|x64
		{C5A36D3D-C253-3A1B-98AA-0309B7203A46}.Release|x64.ActiveCfg = Release|x64
		{C5A36D3D-C253-3A1B-98AA-0309B7203A46}.Release|x64.Build.0 = Release|x64
		{C5A36D3D-C253-3A1B-98AA-0309B7203A46}.MinSizeRel|x64.ActiveCfg = MinSizeRel|x64
		{C5A36D3D-C253-3A1B-98AA-0309B7203A46}.MinSizeRel|x64.Build.0 = MinSizeRel|x64
		{C5A36D3D-C253-3A1B-98AA-0309B7203A46}.RelWithDebInfo|x64.ActiveCfg = RelWithDebInfo|x64
		{C5A36D3D-C253-3A1B-98AA-0309B7203A46}.RelWithDebInfo|x64.Build.0 = RelWithDebInfo|x64
		{476E712F-9569-3416-9AB3-3966C889CC56}.Debug|x64.ActiveCfg = Debug|x64
		{476E712F-9569-3416-9AB3-3966C889CC56}.Release|x64.ActiveCfg = Release|x64
		{476E712F-9569-3416-9AB3-3966C889CC56}.MinSizeRel|x64.ActiveCfg = MinSizeRel|x64
		{476E712F-9569-3416-9AB3-3966C889CC56}.RelWithDebInfo|x64.ActiveCfg = RelWithDebInfo|x64
		{6A5F8459-C6DE-377B-8A7E-A683403BBF33}.Debug|x64.ActiveCfg = Debug|x64
		{6A5F8459-C6DE-377B-8A7E-A683403BBF33}.Release|x64.ActiveCfg = Release|x64
		{6A5F8459-C6DE-377B-8A7E-A683403BBF33}.MinSizeRel|x64.ActiveCfg = MinSizeRel|x64
		{6A5F8459-C6DE-377B-8A7E-A683403BBF33}.RelWithDebInfo|x64.ActiveCfg = RelWithDebInfo|x64
		{A122BE2D-3C94-3BB0-A8B0-27183FA552CD}.Debug|x64.ActiveCfg = Debug|x64
		{A122BE2D-3C94-3BB0-A8B0-27183FA552CD}.Debug|x64.Build.0 = Debug|x64
		{A122BE2D-3C94-3BB0-A8B0-27183FA552CD}.Release|x64.ActiveCfg = Release|x64
		{A122BE2D-3C94-3BB0-A8B0-27183FA552CD}.Release|x64.Build.0 = Release|x64
		{A122BE2D-3C94-3BB0-A8B0-27183FA552CD}.MinSizeRel|x64.ActiveCfg = MinSizeRel|x64
		{A122BE2D-3C94-3BB0-A8B0-27183FA552CD}.MinSizeRel|x64.Build.0 = MinSizeRel|x64
		{A122BE2D-3C94-3BB0-A8B0-27183FA552CD}.RelWithDebInfo|x64.ActiveCfg = RelWithDebInfo|x64
		{A122BE2D-3C94-3BB0-A8B0-27183FA552CD}.RelWithDebInfo|x64.Build.0 = RelWithDebInfo|x64
		{88408A4A-80DE-3396-ABA9-363E6E67876D}.Debug|x64.ActiveCfg = Debug|x64
		{88408A4A-80DE-3396-ABA9-363E6E67876D}.Debug|x64.Build.0 = Debug|x64
		{88408A4A-80DE-3396-ABA9-363E6E67876D}.Release|x64.ActiveCfg = Release|x64
		{88408A4A-80DE-3396-ABA9-363E6E67876D}.Release|x64.Build.0 = Release|x64
		{88408A4A-80DE-3396-ABA9-363E6E67876D}.MinSizeRel|x64.ActiveCfg = MinSizeRel|x64
		{88408A4A-80DE-3396-ABA9-363E6E67876D}.MinSizeRel|x64.Build.0 = MinSizeRel|x64
		{88408A4A-80DE-3396-ABA9-363E6E67876D}.RelWithDebInfo|x64.ActiveCfg = RelWithDebInfo|x64
		{88408A4A-80DE-3396-ABA9-363E6E67876D}.RelWithDebInfo|x64.Build.0 = RelWithDebInfo|x64
		{694C6B31-E85E-3D95-BAF2-A06E1800F7C5}.Debug|x64.ActiveCfg = Debug|x64
		{694C6B31-E85E-3D95-BAF2-A06E1800F7C5}.Debug|x64.Build.0 = Debug|x64
		{694C6B31-E85E-3D95-BAF2-A06E1800F7C5}.Release|x64.ActiveCfg = Release|x64
		{694C6B31-E85E-3D95-BAF2-A06E1800F7C5}.Release|x64.Build.0 = Release|x64
		{694C6B31-E85E-3D95-BAF2-A06E1800F7C5}.MinSizeRel|x64.ActiveCfg = MinSizeRel|x64
		{694C6B31-E85E-3D95-BAF2-A06E1800F7C5}.MinSizeRel|x64.Build.0 = MinSizeRel|x64
		{694C6B31-E85E-3D95-BAF2-A06E1800F7C5}.RelWithDebInfo|x64.ActiveCfg = RelWithDebInfo|x64
		{694C6B31-E85E-3D95-BAF2-A06E1800F7C5}.RelWithDebInfo|x64.Build.0 = RelWithDebInfo|x64
		{CE3466BD-2204-3E19-B542-59DFE18F27A3}.Debug|x64.ActiveCfg = Debug|x64
		{CE3466BD-2204-3E19-B542-59DFE18F27A3}.Debug|x64.Build.0 = Debug|x64
		{CE3466BD-2204-3E19-B542-59DFE18F27A3}.Release|x64.ActiveCfg = Release|x64
		{CE3466BD-2204-3E19-B542-59DFE18F27A3}.Release|x64.Build.0 = Release|x64
		{CE3466BD-2204-3E19-B542-59DFE18F27A3}.MinSizeRel|x64.ActiveCfg = MinSizeRel|x64
		{CE3466BD-2204-3E19-B542-59DFE18F27A3}.MinSizeRel|x64.Build.0 = MinSizeRel|x64
		{CE3466BD-2204-3E19-B542-59DFE18F27A3}.RelWithDebInfo|x64.ActiveCfg = RelWithDebInfo|x64
		{CE3466BD-2204-3E19-B542-59DFE18F27A3}.RelWithDebInfo|x64.Build.0 = RelWithDebInfo|x64
		{4E67F00F-8859-31EA-9DCC-B07CD25D4E1E}.Debug|x64.ActiveCfg = Debug|x64
		{4E67F00F-8859-31EA-9DCC-B07CD25D4E1E}.Debug|x64.Build.0 = Debug|x64
		{4E67F00F-8859-31EA-9DCC-B07CD25D4E1E}.Release|x64.ActiveCfg = Release|x64
		{4E67F00F-8859-31EA-9DCC-B07CD25D4E1E}.Release|x64.Build.0 = Release|x64
		{4E67F00F-8859-31EA-9DCC-B07CD25D4E1E}.MinSizeRel|x64.ActiveCfg = MinSizeRel|x64
		{4E67F00F-8859-31EA-9DCC-B07CD25D4E1E}.MinSizeRel|x64.Build.0 = MinSizeRel|x64
		{4E67F00F-8859-31EA-9DCC-B07CD25D4E1E}.RelWithDebInfo|x64.ActiveCfg = RelWithDebInfo|x64
		{4E67F00F-8859-31EA-9DCC-B07CD25D4E1E}.RelWithDebInfo|x64.Build.0 = RelWithDebInfo|x64
		{EDDB6A83-0F38-3417-9D91-8AED1415EF95}.Debug|x64.ActiveCfg = Debug|x64
		{EDDB6A83-0F38-3417-9D91-8AED1415EF95}.Debug|x64.Build.0 = Debug|x64
		{EDDB6A83-0F38-3417-9D91-8AED1415EF95}.Release|x64.ActiveCfg = Release|x64
		{EDDB6A83-0F38-3417-9D91-8AED1415EF95}.Release|x64.Build.0 = Release|x64
		{EDDB6A83-0F38-3417-9D91-8AED1415EF95}.MinSizeRel|x64.ActiveCfg = MinSizeRel|x64
		{EDDB6A83-0F38-3417-9D91-8AED1415EF95}.MinSizeRel|x64.Build.0 = MinSizeRel|x64
		{EDDB6A83-0F38-3417-9D91-8AED1415EF95}.RelWithDebInfo|x64.ActiveCfg = RelWithDebInfo|x64
		{EDDB6A83-0F38-3417-9D91-8AED1415EF95}.RelWithDebInfo|x64.Build.0 = RelWithDebInfo|x64
		{BF5A42D8-613E-3D6B-A7AB-6FB0E1974B28}.Debug|x64.ActiveCfg = Debug|x64
		{BF5A42D8-613E-3D6B-A7AB-6FB0E1974B28}.Debug|x64.Build.0 = Debug|x64
		{BF5A42D8-613E-3D6B-A7AB-6FB0E1974B28}.Release|x64.ActiveCfg = Release|x64
		{BF5A42D8-613E-3D6B-A7AB-6FB0E1974B28}.Release|x64.Build.0 = Release|x64
		{BF5A42D8-613E-3D6B-A7AB-6FB0E1974B28}.MinSizeRel|x64.ActiveCfg = MinSizeRel|x64
		{BF5A42D8-613E-3D6B-A7AB-6FB0E1974B28}.MinSizeRel|x64.Build.0 = MinSizeRel|x64
		{BF5A42D8-613E-3D6B-A7AB-6FB0E1974B28}.RelWithDebInfo|x64.ActiveCfg = RelWithDebInfo|x64
		{BF5A42D8-613E-3D6B-A7AB-6FB0E1974B28}.RelWithDebInfo|x64.Build.0 = RelWithDebInfo|x64
		{C4FC066F-3B40-3F75-9754-2073B815DE12}.Debug|x64.ActiveCfg = Debug|x64
		{C4FC066F-3B40-3F75-9754-2073B815DE12}.Debug|x64.Build.0 = Debug|x64
		{C4FC066F-3B40-3F75-9754-2073B815DE12}.Release|x64.ActiveCfg = Release|x64
		{C4FC066F-3B40-3F75-9754-2073B815DE12}.Release|x64.Build.0 = Release|x64
		{C4FC066F-3B40-3F75-9754-2073B815DE12}.MinSizeRel|x64.ActiveCfg = MinSizeRel|x64
		{C4FC066F-3B40-3F75-9754-2073B815DE12}.MinSizeRel|x64.Build.0 = MinSizeRel|x64
		{C4FC066F-3B40-3F75-9754-2073B815DE12}.RelWithDebInfo|x64.ActiveCfg = RelWithDebInfo|x64
		{C4FC066F-3B40-3F75-9754-2073B815DE12}.RelWithDebInfo|x64.Build.0 = RelWithDebInfo|x64
		{113AB725-4D27-3CBE-B53C-BE72E048DC8D}.Debug|x64.ActiveCfg = Debug|x64
		{113AB725-4D27-3CBE-B53C-BE72E048DC8D}.Debug|x64.Build.0 = Debug|x64
		{113AB725-4D27-3CBE-B53C-BE72E048DC8D}.Release|x64.ActiveCfg = Release|x64
		{113AB725-4D27-3CBE-B53C-BE72E048DC8D}.Release|x64.Build.0 = Release|x64
		{113AB725-4D27-3CBE-B53C-BE72E048DC8D}.MinSizeRel|x64.ActiveCfg = MinSizeRel|x64
		{113AB725-4D27-3CBE-B53C-BE72E048DC8D}.MinSizeRel|x64.Build.0 = MinSizeRel|x64
		{113AB725-4D27-3CBE-B53C-BE72E048DC8D}.RelWithDebInfo|x64.ActiveCfg = RelWithDebInfo|x64
		{113AB725-4D27-3CBE-B53C-BE72E048DC8D}.RelWithDebInfo|x64.Build.0 = RelWithDebInfo|x64
	EndGlobalSection
	GlobalSection(NestedProjects) = preSolution
		{2C123F02-892C-31B5-AE48-645E14204078} = {CBABF8C6-97A3-340A-8E20-CEFB32295A6B}
		{476E712F-9569-3416-9AB3-3966C889CC56} = {CBABF8C6-97A3-340A-8E20-CEFB32295A6B}
		{6A5F8459-C6DE-377B-8A7E-A683403BBF33} = {CBABF8C6-97A3-340A-8E20-CEFB32295A6B}
		{A122BE2D-3C94-3BB0-A8B0-27183FA552CD} = {CBABF8C6-97A3-340A-8E20-CEFB32295A6B}
		{C4FC066F-3B40-3F75-9754-2073B815DE12} = {B63696AC-D4A4-3905-98C6-D34E44994D6A}
	EndGlobalSection
	GlobalSection(ExtensibilityGlobals) = postSolution
		SolutionGuid = {6143746C-1147-3546-898D-3326B2601876}
	EndGlobalSection
	GlobalSection(ExtensibilityAddIns) = postSolution
	EndGlobalSection
EndGlobal
