<?xml version="1.0" encoding="utf-8"?>
<Project ToolsVersion="17.0" xmlns="http://schemas.microsoft.com/developer/msbuild/2003">
  <ItemGroup>
    <ClCompile Include="D:\@Github\HDMapping085-2025-08-08_17\apps\manual_color\manual_color.cpp">
      <Filter>Source Files</Filter>
    </ClCompile>
  </ItemGroup>
  <ItemGroup>
    <CustomBuild Include="D:\@Github\HDMapping085-2025-08-08_17\apps\manual_color\CMakeLists.txt" />
  </ItemGroup>
  <ItemGroup>
    <Filter Include="Source Files">
      <UniqueIdentifier>{CF875F0A-47E4-3390-9EA6-799142FF544A}</UniqueIdentifier>
    </Filter>
  </ItemGroup>
</Project>
