
Microsoft Visual Studio Solution File, Format Version 12.00
# Visual Studio Version 17
Project("{2150E333-8FDC-42A3-9474-1A3956D46DE8}") = "CMakePredefinedTargets", "CMakePredefinedTargets", "{CBABF8C6-97A3-340A-8E20-CEFB32295A6B}"
EndProject
Project("{2150E333-8FDC-42A3-9474-1A3956D46DE8}") = "Libraries", "Libraries", "{B63696AC-D4A4-3905-98C6-D34E44994D6A}"
EndProject
Project("{8BC9CEB8-8B4A-11D0-8D11-00A0C91BC942}") = "ALL_BUILD", "ALL_BUILD.vcxproj", "{2C123F02-892C-31B5-AE48-645E14204078}"
	ProjectSection(ProjectDependencies) = postProject
		{C5A36D3D-C253-3A1B-98AA-0309B7203A46} = {C5A36D3D-C253-3A1B-98AA-0309B7203A46}
		{A122BE2D-3C94-3BB0-A8B0-27183FA552CD} = {A122BE2D-3C94-3BB0-A8B0-27183FA552CD}
		{88408A4A-80DE-3396-ABA9-363E6E67876D} = {88408A4A-80DE-3396-ABA9-363E6E67876D}
		{694C6B31-E85E-3D95-BAF2-A06E1800F7C5} = {694C6B31-E85E-3D95-BAF2-A06E1800F7C5}
		{8267D288-49FC-3929-B82B-051FA429E8BA} = {8267D288-49FC-3929-B82B-051FA429E8BA}
		{CE3466BD-2204-3E19-B542-59DFE18F27A3} = {CE3466BD-2204-3E19-B542-59DFE18F27A3}
		{005FE5E9-3E7C-36E2-B0C0-A43A18F55F0B} = {005FE5E9-3E7C-36E2-B0C0-A43A18F55F0B}
		{FD317E79-64F4-353C-9A57-92B92A2D4C5A} = {FD317E79-64F4-353C-9A57-92B92A2D4C5A}
		{4E67F00F-8859-31EA-9DCC-B07CD25D4E1E} = {4E67F00F-8859-31EA-9DCC-B07CD25D4E1E}
		{EDDB6A83-0F38-3417-9D91-8AED1415EF95} = {EDDB6A83-0F38-3417-9D91-8AED1415EF95}
		{BF5A42D8-613E-3D6B-A7AB-6FB0E1974B28} = {BF5A42D8-613E-3D6B-A7AB-6FB0E1974B28}
		{C4FC066F-3B40-3F75-9754-2073B815DE12} = {C4FC066F-3B40-3F75-9754-2073B815DE12}
		{8EAD118C-8C33-3406-9746-9C227D79390D} = {8EAD118C-8C33-3406-9746-9C227D79390D}
		{113AB725-4D27-3CBE-B53C-BE72E048DC8D} = {113AB725-4D27-3CBE-B53C-BE72E048DC8D}
		{F5CDB920-43EC-34D8-9606-C80E7F7AB5C6} = {F5CDB920-43EC-34D8-9606-C80E7F7AB5C6}
		{EF2A163D-1616-3710-96A2-FC55EFE8C153} = {EF2A163D-1616-3710-96A2-FC55EFE8C153}
		{6FED9CC9-DF1C-3D95-9E43-3D7C45566A0D} = {6FED9CC9-DF1C-3D95-9E43-3D7C45566A0D}
		{FF7C76A8-7527-33E8-87CD-96852794742D} = {FF7C76A8-7527-33E8-87CD-96852794742D}
		{A9C12778-B887-363F-BD06-9D78B3C31B0F} = {A9C12778-B887-363F-BD06-9D78B3C31B0F}
		{C19053CF-4DBF-3CD8-8DC4-D2694C71CA23} = {C19053CF-4DBF-3CD8-8DC4-D2694C71CA23}
		{DBEDE279-C179-3756-B441-CF40B17DADED} = {DBEDE279-C179-3756-B441-CF40B17DADED}
		{10920C61-D605-35E8-A02F-83CFE98DD8C2} = {10920C61-D605-35E8-A02F-83CFE98DD8C2}
		{02779E6C-B51E-32CE-B436-F5DB873E7AC1} = {02779E6C-B51E-32CE-B436-F5DB873E7AC1}
		{9260F16C-77EE-3AA0-B1C7-EA43ABE7F611} = {9260F16C-77EE-3AA0-B1C7-EA43ABE7F611}
		{7B9A8B93-9605-30F3-9E05-D27A4652984A} = {7B9A8B93-9605-30F3-9E05-D27A4652984A}
		{EB088231-31B3-3F6D-B430-57B7D192F7C9} = {EB088231-31B3-3F6D-B430-57B7D192F7C9}
		{654EA1D7-13DE-39D5-8EAC-7CE50B805404} = {654EA1D7-13DE-39D5-8EAC-7CE50B805404}
	EndProjectSection
EndProject
Project("{8BC9CEB8-8B4A-11D0-8D11-00A0C91BC942}") = "Fusion", "3rdparty\Fusion\Fusion\Fusion.vcxproj", "{C5A36D3D-C253-3A1B-98AA-0309B7203A46}"
	ProjectSection(ProjectDependencies) = postProject
		{A122BE2D-3C94-3BB0-A8B0-27183FA552CD} = {A122BE2D-3C94-3BB0-A8B0-27183FA552CD}
	EndProjectSection
EndProject
Project("{8BC9CEB8-8B4A-11D0-8D11-00A0C91BC942}") = "INSTALL", "INSTALL.vcxproj", "{476E712F-9569-3416-9AB3-3966C889CC56}"
	ProjectSection(ProjectDependencies) = postProject
		{2C123F02-892C-31B5-AE48-645E14204078} = {2C123F02-892C-31B5-AE48-645E14204078}
		{A122BE2D-3C94-3BB0-A8B0-27183FA552CD} = {A122BE2D-3C94-3BB0-A8B0-27183FA552CD}
	EndProjectSection
EndProject
Project("{8BC9CEB8-8B4A-11D0-8D11-00A0C91BC942}") = "PACKAGE", "PACKAGE.vcxproj", "{6A5F8459-C6DE-377B-8A7E-A683403BBF33}"
	ProjectSection(ProjectDependencies) = postProject
		{2C123F02-892C-31B5-AE48-645E14204078} = {2C123F02-892C-31B5-AE48-645E14204078}
		{A122BE2D-3C94-3BB0-A8B0-27183FA552CD} = {A122BE2D-3C94-3BB0-A8B0-27183FA552CD}
	EndProjectSection
EndProject
Project("{8BC9CEB8-8B4A-11D0-8D11-00A0C91BC942}") = "ZERO_CHECK", "ZERO_CHECK.vcxproj", "{A122BE2D-3C94-3BB0-A8B0-27183FA552CD}"
	ProjectSection(ProjectDependencies) = postProject
	EndProjectSection
EndProject
Project("{8BC9CEB8-8B4A-11D0-8D11-00A0C91BC942}") = "core", "core\core.vcxproj", "{88408A4A-80DE-3396-ABA9-363E6E67876D}"
	ProjectSection(ProjectDependencies) = postProject
		{A122BE2D-3C94-3BB0-A8B0-27183FA552CD} = {A122BE2D-3C94-3BB0-A8B0-27183FA552CD}
		{C4FC066F-3B40-3F75-9754-2073B815DE12} = {C4FC066F-3B40-3F75-9754-2073B815DE12}
	EndProjectSection
EndProject
Project("{8BC9CEB8-8B4A-11D0-8D11-00A0C91BC942}") = "core-hd-mapping", "core_hd_mapping\core-hd-mapping.vcxproj", "{694C6B31-E85E-3D95-BAF2-A06E1800F7C5}"
	ProjectSection(ProjectDependencies) = postProject
		{A122BE2D-3C94-3BB0-A8B0-27183FA552CD} = {A122BE2D-3C94-3BB0-A8B0-27183FA552CD}
		{88408A4A-80DE-3396-ABA9-363E6E67876D} = {88408A4A-80DE-3396-ABA9-363E6E67876D}
		{C4FC066F-3B40-3F75-9754-2073B815DE12} = {C4FC066F-3B40-3F75-9754-2073B815DE12}
	EndProjectSection
EndProject
Project("{8BC9CEB8-8B4A-11D0-8D11-00A0C91BC942}") = "core_no_gui", "core\core_no_gui.vcxproj", "{8267D288-49FC-3929-B82B-051FA429E8BA}"
	ProjectSection(ProjectDependencies) = postProject
		{A122BE2D-3C94-3BB0-A8B0-27183FA552CD} = {A122BE2D-3C94-3BB0-A8B0-27183FA552CD}
		{C4FC066F-3B40-3F75-9754-2073B815DE12} = {C4FC066F-3B40-3F75-9754-2073B815DE12}
	EndProjectSection
EndProject
Project("{8BC9CEB8-8B4A-11D0-8D11-00A0C91BC942}") = "dist", "3rdparty\LASzip\dist.vcxproj", "{D74AAD9F-CA85-3F32-A0E9-291D0A2AC8F3}"
	ProjectSection(ProjectDependencies) = postProject
		{A122BE2D-3C94-3BB0-A8B0-27183FA552CD} = {A122BE2D-3C94-3BB0-A8B0-27183FA552CD}
	EndProjectSection
EndProject
Project("{8BC9CEB8-8B4A-11D0-8D11-00A0C91BC942}") = "freeglut", "3rdparty\freeglut\freeglut.vcxproj", "{CE3466BD-2204-3E19-B542-59DFE18F27A3}"
	ProjectSection(ProjectDependencies) = postProject
		{A122BE2D-3C94-3BB0-A8B0-27183FA552CD} = {A122BE2D-3C94-3BB0-A8B0-27183FA552CD}
	EndProjectSection
EndProject
Project("{8BC9CEB8-8B4A-11D0-8D11-00A0C91BC942}") = "freeglut_static", "3rdparty\freeglut\freeglut_static.vcxproj", "{005FE5E9-3E7C-36E2-B0C0-A43A18F55F0B}"
	ProjectSection(ProjectDependencies) = postProject
		{A122BE2D-3C94-3BB0-A8B0-27183FA552CD} = {A122BE2D-3C94-3BB0-A8B0-27183FA552CD}
	EndProjectSection
EndProject
Project("{8BC9CEB8-8B4A-11D0-8D11-00A0C91BC942}") = "hd_mapper", "apps\hd_mapper\hd_mapper.vcxproj", "{FD317E79-64F4-353C-9A57-92B92A2D4C5A}"
	ProjectSection(ProjectDependencies) = postProject
		{A122BE2D-3C94-3BB0-A8B0-27183FA552CD} = {A122BE2D-3C94-3BB0-A8B0-27183FA552CD}
		{88408A4A-80DE-3396-ABA9-363E6E67876D} = {88408A4A-80DE-3396-ABA9-363E6E67876D}
		{694C6B31-E85E-3D95-BAF2-A06E1800F7C5} = {694C6B31-E85E-3D95-BAF2-A06E1800F7C5}
		{CE3466BD-2204-3E19-B542-59DFE18F27A3} = {CE3466BD-2204-3E19-B542-59DFE18F27A3}
		{4E67F00F-8859-31EA-9DCC-B07CD25D4E1E} = {4E67F00F-8859-31EA-9DCC-B07CD25D4E1E}
		{EDDB6A83-0F38-3417-9D91-8AED1415EF95} = {EDDB6A83-0F38-3417-9D91-8AED1415EF95}
		{BF5A42D8-613E-3D6B-A7AB-6FB0E1974B28} = {BF5A42D8-613E-3D6B-A7AB-6FB0E1974B28}
		{C4FC066F-3B40-3F75-9754-2073B815DE12} = {C4FC066F-3B40-3F75-9754-2073B815DE12}
	EndProjectSection
EndProject
Project("{8BC9CEB8-8B4A-11D0-8D11-00A0C91BC942}") = "imgui", "imgui.vcxproj", "{4E67F00F-8859-31EA-9DCC-B07CD25D4E1E}"
	ProjectSection(ProjectDependencies) = postProject
		{A122BE2D-3C94-3BB0-A8B0-27183FA552CD} = {A122BE2D-3C94-3BB0-A8B0-27183FA552CD}
	EndProjectSection
EndProject
Project("{8BC9CEB8-8B4A-11D0-8D11-00A0C91BC942}") = "imguizmo", "imguizmo.vcxproj", "{EDDB6A83-0F38-3417-9D91-8AED1415EF95}"
	ProjectSection(ProjectDependencies) = postProject
		{A122BE2D-3C94-3BB0-A8B0-27183FA552CD} = {A122BE2D-3C94-3BB0-A8B0-27183FA552CD}
	EndProjectSection
EndProject
Project("{8BC9CEB8-8B4A-11D0-8D11-00A0C91BC942}") = "implot", "implot.vcxproj", "{BF5A42D8-613E-3D6B-A7AB-6FB0E1974B28}"
	ProjectSection(ProjectDependencies) = postProject
		{A122BE2D-3C94-3BB0-A8B0-27183FA552CD} = {A122BE2D-3C94-3BB0-A8B0-27183FA552CD}
	EndProjectSection
EndProject
Project("{8BC9CEB8-8B4A-11D0-8D11-00A0C91BC942}") = "laszip3", "3rdparty\LASzip\src\laszip3.vcxproj", "{C4FC066F-3B40-3F75-9754-2073B815DE12}"
	ProjectSection(ProjectDependencies) = postProject
		{A122BE2D-3C94-3BB0-A8B0-27183FA552CD} = {A122BE2D-3C94-3BB0-A8B0-27183FA552CD}
	EndProjectSection
EndProject
Project("{8BC9CEB8-8B4A-11D0-8D11-00A0C91BC942}") = "laszip_api3", "3rdparty\LASzip\dll\laszip_api3.vcxproj", "{8EAD118C-8C33-3406-9746-9C227D79390D}"
	ProjectSection(ProjectDependencies) = postProject
		{A122BE2D-3C94-3BB0-A8B0-27183FA552CD} = {A122BE2D-3C94-3BB0-A8B0-27183FA552CD}
	EndProjectSection
EndProject
Project("{8BC9CEB8-8B4A-11D0-8D11-00A0C91BC942}") = "lidar_odometry_step_1", "apps\lidar_odometry_step_1\lidar_odometry_step_1.vcxproj", "{113AB725-4D27-3CBE-B53C-BE72E048DC8D}"
	ProjectSection(ProjectDependencies) = postProject
		{C5A36D3D-C253-3A1B-98AA-0309B7203A46} = {C5A36D3D-C253-3A1B-98AA-0309B7203A46}
		{A122BE2D-3C94-3BB0-A8B0-27183FA552CD} = {A122BE2D-3C94-3BB0-A8B0-27183FA552CD}
		{88408A4A-80DE-3396-ABA9-363E6E67876D} = {88408A4A-80DE-3396-ABA9-363E6E67876D}
		{694C6B31-E85E-3D95-BAF2-A06E1800F7C5} = {694C6B31-E85E-3D95-BAF2-A06E1800F7C5}
		{CE3466BD-2204-3E19-B542-59DFE18F27A3} = {CE3466BD-2204-3E19-B542-59DFE18F27A3}
		{4E67F00F-8859-31EA-9DCC-B07CD25D4E1E} = {4E67F00F-8859-31EA-9DCC-B07CD25D4E1E}
		{EDDB6A83-0F38-3417-9D91-8AED1415EF95} = {EDDB6A83-0F38-3417-9D91-8AED1415EF95}
		{BF5A42D8-613E-3D6B-A7AB-6FB0E1974B28} = {BF5A42D8-613E-3D6B-A7AB-6FB0E1974B28}
		{C4FC066F-3B40-3F75-9754-2073B815DE12} = {C4FC066F-3B40-3F75-9754-2073B815DE12}
	EndProjectSection
EndProject
Project("{8BC9CEB8-8B4A-11D0-8D11-00A0C91BC942}") = "livox_mid_360_intrinsic_calibration", "apps\livox_mid_360_intrinsic_calibration\livox_mid_360_intrinsic_calibration.vcxproj", "{F5CDB920-43EC-34D8-9606-C80E7F7AB5C6}"
	ProjectSection(ProjectDependencies) = postProject
		{C5A36D3D-C253-3A1B-98AA-0309B7203A46} = {C5A36D3D-C253-3A1B-98AA-0309B7203A46}
		{A122BE2D-3C94-3BB0-A8B0-27183FA552CD} = {A122BE2D-3C94-3BB0-A8B0-27183FA552CD}
		{88408A4A-80DE-3396-ABA9-363E6E67876D} = {88408A4A-80DE-3396-ABA9-363E6E67876D}
		{694C6B31-E85E-3D95-BAF2-A06E1800F7C5} = {694C6B31-E85E-3D95-BAF2-A06E1800F7C5}
		{CE3466BD-2204-3E19-B542-59DFE18F27A3} = {CE3466BD-2204-3E19-B542-59DFE18F27A3}
		{4E67F00F-8859-31EA-9DCC-B07CD25D4E1E} = {4E67F00F-8859-31EA-9DCC-B07CD25D4E1E}
		{EDDB6A83-0F38-3417-9D91-8AED1415EF95} = {EDDB6A83-0F38-3417-9D91-8AED1415EF95}
		{BF5A42D8-613E-3D6B-A7AB-6FB0E1974B28} = {BF5A42D8-613E-3D6B-A7AB-6FB0E1974B28}
		{C4FC066F-3B40-3F75-9754-2073B815DE12} = {C4FC066F-3B40-3F75-9754-2073B815DE12}
	EndProjectSection
EndProject
Project("{8BC9CEB8-8B4A-11D0-8D11-00A0C91BC942}") = "mandeye_compare_trajectories", "apps\compare_trajectories\mandeye_compare_trajectories.vcxproj", "{EF2A163D-1616-3710-96A2-FC55EFE8C153}"
	ProjectSection(ProjectDependencies) = postProject
		{C5A36D3D-C253-3A1B-98AA-0309B7203A46} = {C5A36D3D-C253-3A1B-98AA-0309B7203A46}
		{A122BE2D-3C94-3BB0-A8B0-27183FA552CD} = {A122BE2D-3C94-3BB0-A8B0-27183FA552CD}
		{88408A4A-80DE-3396-ABA9-363E6E67876D} = {88408A4A-80DE-3396-ABA9-363E6E67876D}
		{694C6B31-E85E-3D95-BAF2-A06E1800F7C5} = {694C6B31-E85E-3D95-BAF2-A06E1800F7C5}
		{CE3466BD-2204-3E19-B542-59DFE18F27A3} = {CE3466BD-2204-3E19-B542-59DFE18F27A3}
		{4E67F00F-8859-31EA-9DCC-B07CD25D4E1E} = {4E67F00F-8859-31EA-9DCC-B07CD25D4E1E}
		{EDDB6A83-0F38-3417-9D91-8AED1415EF95} = {EDDB6A83-0F38-3417-9D91-8AED1415EF95}
		{BF5A42D8-613E-3D6B-A7AB-6FB0E1974B28} = {BF5A42D8-613E-3D6B-A7AB-6FB0E1974B28}
		{C4FC066F-3B40-3F75-9754-2073B815DE12} = {C4FC066F-3B40-3F75-9754-2073B815DE12}
		{FF7C76A8-7527-33E8-87CD-96852794742D} = {FF7C76A8-7527-33E8-87CD-96852794742D}
	EndProjectSection
EndProject
Project("{8BC9CEB8-8B4A-11D0-8D11-00A0C91BC942}") = "mandeye_mission_recorder_calibration", "apps\mandeye_mission_recorder_calibration\mandeye_mission_recorder_calibration.vcxproj", "{6FED9CC9-DF1C-3D95-9E43-3D7C45566A0D}"
	ProjectSection(ProjectDependencies) = postProject
		{C5A36D3D-C253-3A1B-98AA-0309B7203A46} = {C5A36D3D-C253-3A1B-98AA-0309B7203A46}
		{A122BE2D-3C94-3BB0-A8B0-27183FA552CD} = {A122BE2D-3C94-3BB0-A8B0-27183FA552CD}
		{88408A4A-80DE-3396-ABA9-363E6E67876D} = {88408A4A-80DE-3396-ABA9-363E6E67876D}
		{694C6B31-E85E-3D95-BAF2-A06E1800F7C5} = {694C6B31-E85E-3D95-BAF2-A06E1800F7C5}
		{CE3466BD-2204-3E19-B542-59DFE18F27A3} = {CE3466BD-2204-3E19-B542-59DFE18F27A3}
		{4E67F00F-8859-31EA-9DCC-B07CD25D4E1E} = {4E67F00F-8859-31EA-9DCC-B07CD25D4E1E}
		{EDDB6A83-0F38-3417-9D91-8AED1415EF95} = {EDDB6A83-0F38-3417-9D91-8AED1415EF95}
		{BF5A42D8-613E-3D6B-A7AB-6FB0E1974B28} = {BF5A42D8-613E-3D6B-A7AB-6FB0E1974B28}
		{C4FC066F-3B40-3F75-9754-2073B815DE12} = {C4FC066F-3B40-3F75-9754-2073B815DE12}
	EndProjectSection
EndProject
Project("{8BC9CEB8-8B4A-11D0-8D11-00A0C91BC942}") = "mandeye_raw_data_viewer", "apps\mandeye_raw_data_viewer\mandeye_raw_data_viewer.vcxproj", "{FF7C76A8-7527-33E8-87CD-96852794742D}"
	ProjectSection(ProjectDependencies) = postProject
		{C5A36D3D-C253-3A1B-98AA-0309B7203A46} = {C5A36D3D-C253-3A1B-98AA-0309B7203A46}
		{A122BE2D-3C94-3BB0-A8B0-27183FA552CD} = {A122BE2D-3C94-3BB0-A8B0-27183FA552CD}
		{88408A4A-80DE-3396-ABA9-363E6E67876D} = {88408A4A-80DE-3396-ABA9-363E6E67876D}
		{694C6B31-E85E-3D95-BAF2-A06E1800F7C5} = {694C6B31-E85E-3D95-BAF2-A06E1800F7C5}
		{CE3466BD-2204-3E19-B542-59DFE18F27A3} = {CE3466BD-2204-3E19-B542-59DFE18F27A3}
		{4E67F00F-8859-31EA-9DCC-B07CD25D4E1E} = {4E67F00F-8859-31EA-9DCC-B07CD25D4E1E}
		{EDDB6A83-0F38-3417-9D91-8AED1415EF95} = {EDDB6A83-0F38-3417-9D91-8AED1415EF95}
		{BF5A42D8-613E-3D6B-A7AB-6FB0E1974B28} = {BF5A42D8-613E-3D6B-A7AB-6FB0E1974B28}
		{C4FC066F-3B40-3F75-9754-2073B815DE12} = {C4FC066F-3B40-3F75-9754-2073B815DE12}
	EndProjectSection
EndProject
Project("{8BC9CEB8-8B4A-11D0-8D11-00A0C91BC942}") = "mandeye_single_session_viewer", "apps\mandeye_single_session_viewer\mandeye_single_session_viewer.vcxproj", "{A9C12778-B887-363F-BD06-9D78B3C31B0F}"
	ProjectSection(ProjectDependencies) = postProject
		{C5A36D3D-C253-3A1B-98AA-0309B7203A46} = {C5A36D3D-C253-3A1B-98AA-0309B7203A46}
		{A122BE2D-3C94-3BB0-A8B0-27183FA552CD} = {A122BE2D-3C94-3BB0-A8B0-27183FA552CD}
		{88408A4A-80DE-3396-ABA9-363E6E67876D} = {88408A4A-80DE-3396-ABA9-363E6E67876D}
		{694C6B31-E85E-3D95-BAF2-A06E1800F7C5} = {694C6B31-E85E-3D95-BAF2-A06E1800F7C5}
		{CE3466BD-2204-3E19-B542-59DFE18F27A3} = {CE3466BD-2204-3E19-B542-59DFE18F27A3}
		{4E67F00F-8859-31EA-9DCC-B07CD25D4E1E} = {4E67F00F-8859-31EA-9DCC-B07CD25D4E1E}
		{EDDB6A83-0F38-3417-9D91-8AED1415EF95} = {EDDB6A83-0F38-3417-9D91-8AED1415EF95}
		{BF5A42D8-613E-3D6B-A7AB-6FB0E1974B28} = {BF5A42D8-613E-3D6B-A7AB-6FB0E1974B28}
		{C4FC066F-3B40-3F75-9754-2073B815DE12} = {C4FC066F-3B40-3F75-9754-2073B815DE12}
	EndProjectSection
EndProject
Project("{8BC9CEB8-8B4A-11D0-8D11-00A0C91BC942}") = "mandeye_with_360_camera_manual_coloring", "apps\manual_color\mandeye_with_360_camera_manual_coloring.vcxproj", "{C19053CF-4DBF-3CD8-8DC4-D2694C71CA23}"
	ProjectSection(ProjectDependencies) = postProject
		{A122BE2D-3C94-3BB0-A8B0-27183FA552CD} = {A122BE2D-3C94-3BB0-A8B0-27183FA552CD}
		{88408A4A-80DE-3396-ABA9-363E6E67876D} = {88408A4A-80DE-3396-ABA9-363E6E67876D}
		{694C6B31-E85E-3D95-BAF2-A06E1800F7C5} = {694C6B31-E85E-3D95-BAF2-A06E1800F7C5}
		{CE3466BD-2204-3E19-B542-59DFE18F27A3} = {CE3466BD-2204-3E19-B542-59DFE18F27A3}
		{4E67F00F-8859-31EA-9DCC-B07CD25D4E1E} = {4E67F00F-8859-31EA-9DCC-B07CD25D4E1E}
		{EDDB6A83-0F38-3417-9D91-8AED1415EF95} = {EDDB6A83-0F38-3417-9D91-8AED1415EF95}
		{BF5A42D8-613E-3D6B-A7AB-6FB0E1974B28} = {BF5A42D8-613E-3D6B-A7AB-6FB0E1974B28}
		{C4FC066F-3B40-3F75-9754-2073B815DE12} = {C4FC066F-3B40-3F75-9754-2073B815DE12}
	EndProjectSection
EndProject
Project("{8BC9CEB8-8B4A-11D0-8D11-00A0C91BC942}") = "matrix_mul", "apps\matrix_mul\matrix_mul.vcxproj", "{DBEDE279-C179-3756-B441-CF40B17DADED}"
	ProjectSection(ProjectDependencies) = postProject
		{A122BE2D-3C94-3BB0-A8B0-27183FA552CD} = {A122BE2D-3C94-3BB0-A8B0-27183FA552CD}
	EndProjectSection
EndProject
Project("{8BC9CEB8-8B4A-11D0-8D11-00A0C91BC942}") = "multi_session_registration_step_3", "apps\multi_session_registration\multi_session_registration_step_3.vcxproj", "{10920C61-D605-35E8-A02F-83CFE98DD8C2}"
	ProjectSection(ProjectDependencies) = postProject
		{A122BE2D-3C94-3BB0-A8B0-27183FA552CD} = {A122BE2D-3C94-3BB0-A8B0-27183FA552CD}
		{88408A4A-80DE-3396-ABA9-363E6E67876D} = {88408A4A-80DE-3396-ABA9-363E6E67876D}
		{694C6B31-E85E-3D95-BAF2-A06E1800F7C5} = {694C6B31-E85E-3D95-BAF2-A06E1800F7C5}
		{CE3466BD-2204-3E19-B542-59DFE18F27A3} = {CE3466BD-2204-3E19-B542-59DFE18F27A3}
		{4E67F00F-8859-31EA-9DCC-B07CD25D4E1E} = {4E67F00F-8859-31EA-9DCC-B07CD25D4E1E}
		{EDDB6A83-0F38-3417-9D91-8AED1415EF95} = {EDDB6A83-0F38-3417-9D91-8AED1415EF95}
		{BF5A42D8-613E-3D6B-A7AB-6FB0E1974B28} = {BF5A42D8-613E-3D6B-A7AB-6FB0E1974B28}
		{C4FC066F-3B40-3F75-9754-2073B815DE12} = {C4FC066F-3B40-3F75-9754-2073B815DE12}
	EndProjectSection
EndProject
Project("{8BC9CEB8-8B4A-11D0-8D11-00A0C91BC942}") = "multi_view_tls_registration_step_2", "apps\multi_view_tls_registration\multi_view_tls_registration_step_2.vcxproj", "{02779E6C-B51E-32CE-B436-F5DB873E7AC1}"
	ProjectSection(ProjectDependencies) = postProject
		{A122BE2D-3C94-3BB0-A8B0-27183FA552CD} = {A122BE2D-3C94-3BB0-A8B0-27183FA552CD}
		{88408A4A-80DE-3396-ABA9-363E6E67876D} = {88408A4A-80DE-3396-ABA9-363E6E67876D}
		{694C6B31-E85E-3D95-BAF2-A06E1800F7C5} = {694C6B31-E85E-3D95-BAF2-A06E1800F7C5}
		{CE3466BD-2204-3E19-B542-59DFE18F27A3} = {CE3466BD-2204-3E19-B542-59DFE18F27A3}
		{4E67F00F-8859-31EA-9DCC-B07CD25D4E1E} = {4E67F00F-8859-31EA-9DCC-B07CD25D4E1E}
		{EDDB6A83-0F38-3417-9D91-8AED1415EF95} = {EDDB6A83-0F38-3417-9D91-8AED1415EF95}
		{BF5A42D8-613E-3D6B-A7AB-6FB0E1974B28} = {BF5A42D8-613E-3D6B-A7AB-6FB0E1974B28}
		{C4FC066F-3B40-3F75-9754-2073B815DE12} = {C4FC066F-3B40-3F75-9754-2073B815DE12}
	EndProjectSection
EndProject
Project("{8BC9CEB8-8B4A-11D0-8D11-00A0C91BC942}") = "precision_forestry_tools", "apps\precision_forestry_tools\precision_forestry_tools.vcxproj", "{9260F16C-77EE-3AA0-B1C7-EA43ABE7F611}"
	ProjectSection(ProjectDependencies) = postProject
		{A122BE2D-3C94-3BB0-A8B0-27183FA552CD} = {A122BE2D-3C94-3BB0-A8B0-27183FA552CD}
		{88408A4A-80DE-3396-ABA9-363E6E67876D} = {88408A4A-80DE-3396-ABA9-363E6E67876D}
		{694C6B31-E85E-3D95-BAF2-A06E1800F7C5} = {694C6B31-E85E-3D95-BAF2-A06E1800F7C5}
		{CE3466BD-2204-3E19-B542-59DFE18F27A3} = {CE3466BD-2204-3E19-B542-59DFE18F27A3}
		{4E67F00F-8859-31EA-9DCC-B07CD25D4E1E} = {4E67F00F-8859-31EA-9DCC-B07CD25D4E1E}
		{EDDB6A83-0F38-3417-9D91-8AED1415EF95} = {EDDB6A83-0F38-3417-9D91-8AED1415EF95}
		{BF5A42D8-613E-3D6B-A7AB-6FB0E1974B28} = {BF5A42D8-613E-3D6B-A7AB-6FB0E1974B28}
		{C4FC066F-3B40-3F75-9754-2073B815DE12} = {C4FC066F-3B40-3F75-9754-2073B815DE12}
	EndProjectSection
EndProject
Project("{8BC9CEB8-8B4A-11D0-8D11-00A0C91BC942}") = "quick_start_demo", "apps\quick_start_demo\quick_start_demo.vcxproj", "{7B9A8B93-9605-30F3-9E05-D27A4652984A}"
	ProjectSection(ProjectDependencies) = postProject
		{C5A36D3D-C253-3A1B-98AA-0309B7203A46} = {C5A36D3D-C253-3A1B-98AA-0309B7203A46}
		{A122BE2D-3C94-3BB0-A8B0-27183FA552CD} = {A122BE2D-3C94-3BB0-A8B0-27183FA552CD}
		{88408A4A-80DE-3396-ABA9-363E6E67876D} = {88408A4A-80DE-3396-ABA9-363E6E67876D}
		{694C6B31-E85E-3D95-BAF2-A06E1800F7C5} = {694C6B31-E85E-3D95-BAF2-A06E1800F7C5}
		{CE3466BD-2204-3E19-B542-59DFE18F27A3} = {CE3466BD-2204-3E19-B542-59DFE18F27A3}
		{4E67F00F-8859-31EA-9DCC-B07CD25D4E1E} = {4E67F00F-8859-31EA-9DCC-B07CD25D4E1E}
		{EDDB6A83-0F38-3417-9D91-8AED1415EF95} = {EDDB6A83-0F38-3417-9D91-8AED1415EF95}
		{BF5A42D8-613E-3D6B-A7AB-6FB0E1974B28} = {BF5A42D8-613E-3D6B-A7AB-6FB0E1974B28}
		{C4FC066F-3B40-3F75-9754-2073B815DE12} = {C4FC066F-3B40-3F75-9754-2073B815DE12}
	EndProjectSection
EndProject
Project("{8BC9CEB8-8B4A-11D0-8D11-00A0C91BC942}") = "single_session_manual_coloring", "apps\single_session_manual_coloring\single_session_manual_coloring.vcxproj", "{EB088231-31B3-3F6D-B430-57B7D192F7C9}"
	ProjectSection(ProjectDependencies) = postProject
		{A122BE2D-3C94-3BB0-A8B0-27183FA552CD} = {A122BE2D-3C94-3BB0-A8B0-27183FA552CD}
		{88408A4A-80DE-3396-ABA9-363E6E67876D} = {88408A4A-80DE-3396-ABA9-363E6E67876D}
		{694C6B31-E85E-3D95-BAF2-A06E1800F7C5} = {694C6B31-E85E-3D95-BAF2-A06E1800F7C5}
		{CE3466BD-2204-3E19-B542-59DFE18F27A3} = {CE3466BD-2204-3E19-B542-59DFE18F27A3}
		{4E67F00F-8859-31EA-9DCC-B07CD25D4E1E} = {4E67F00F-8859-31EA-9DCC-B07CD25D4E1E}
		{EDDB6A83-0F38-3417-9D91-8AED1415EF95} = {EDDB6A83-0F38-3417-9D91-8AED1415EF95}
		{BF5A42D8-613E-3D6B-A7AB-6FB0E1974B28} = {BF5A42D8-613E-3D6B-A7AB-6FB0E1974B28}
		{C4FC066F-3B40-3F75-9754-2073B815DE12} = {C4FC066F-3B40-3F75-9754-2073B815DE12}
	EndProjectSection
EndProject
Project("{8BC9CEB8-8B4A-11D0-8D11-00A0C91BC942}") = "split_multi_livox", "apps\split_multi_livox\split_multi_livox.vcxproj", "{654EA1D7-13DE-39D5-8EAC-7CE50B805404}"
	ProjectSection(ProjectDependencies) = postProject
		{A122BE2D-3C94-3BB0-A8B0-27183FA552CD} = {A122BE2D-3C94-3BB0-A8B0-27183FA552CD}
		{88408A4A-80DE-3396-ABA9-363E6E67876D} = {88408A4A-80DE-3396-ABA9-363E6E67876D}
		{C4FC066F-3B40-3F75-9754-2073B815DE12} = {C4FC066F-3B40-3F75-9754-2073B815DE12}
	EndProjectSection
EndProject
Project("{8BC9CEB8-8B4A-11D0-8D11-00A0C91BC942}") = "uninstall", "3rdparty\eigen\uninstall.vcxproj", "{53A257E9-C218-3B5A-B33C-45C7B18584EF}"
	ProjectSection(ProjectDependencies) = postProject
		{A122BE2D-3C94-3BB0-A8B0-27183FA552CD} = {A122BE2D-3C94-3BB0-A8B0-27183FA552CD}
	EndProjectSection
EndProject
Global
	GlobalSection(SolutionConfigurationPlatforms) = preSolution
		Debug|x64 = Debug|x64
		Release|x64 = Release|x64
		MinSizeRel|x64 = MinSizeRel|x64
		RelWithDebInfo|x64 = RelWithDebInfo|x64
	EndGlobalSection
	GlobalSection(ProjectConfigurationPlatforms) = postSolution
		{2C123F02-892C-31B5-AE48-645E14204078}.Debug|x64.ActiveCfg = Debug|x64
		{2C123F02-892C-31B5-AE48-645E14204078}.Debug|x64.Build.0 = Debug|x64
		{2C123F02-892C-31B5-AE48-645E14204078}.Release|x64.ActiveCfg = Release|x64
		{2C123F02-892C-31B5-AE48-645E14204078}.Release|x64.Build.0 = Release|x64
		{2C123F02-892C-31B5-AE48-645E14204078}.MinSizeRel|x64.ActiveCfg = MinSizeRel|x64
		{2C123F02-892C-31B5-AE48-645E14204078}.MinSizeRel|x64.Build.0 = MinSizeRel|x64
		{2C123F02-892C-31B5-AE48-645E14204078}.RelWithDebInfo|x64.ActiveCfg = RelWithDebInfo|x64
		{2C123F02-892C-31B5-AE48-645E14204078}.RelWithDebInfo|x64.Build.0 = RelWithDebInfo|x64
		{C5A36D3D-C253-3A1B-98AA-0309B7203A46}.Debug|x64.ActiveCfg = Debug|x64
		{C5A36D3D-C253-3A1B-98AA-0309B7203A46}.Debug|x64.Build.0 = Debug|x64
		{C5A36D3D-C253-3A1B-98AA-0309B7203A46}.Release|x64.ActiveCfg = Release|x64
		{C5A36D3D-C253-3A1B-98AA-0309B7203A46}.Release|x64.Build.0 = Release|x64
		{C5A36D3D-C253-3A1B-98AA-0309B7203A46}.MinSizeRel|x64.ActiveCfg = MinSizeRel|x64
		{C5A36D3D-C253-3A1B-98AA-0309B7203A46}.MinSizeRel|x64.Build.0 = MinSizeRel|x64
		{C5A36D3D-C253-3A1B-98AA-0309B7203A46}.RelWithDebInfo|x64.ActiveCfg = RelWithDebInfo|x64
		{C5A36D3D-C253-3A1B-98AA-0309B7203A46}.RelWithDebInfo|x64.Build.0 = RelWithDebInfo|x64
		{476E712F-9569-3416-9AB3-3966C889CC56}.Debug|x64.ActiveCfg = Debug|x64
		{476E712F-9569-3416-9AB3-3966C889CC56}.Release|x64.ActiveCfg = Release|x64
		{476E712F-9569-3416-9AB3-3966C889CC56}.MinSizeRel|x64.ActiveCfg = MinSizeRel|x64
		{476E712F-9569-3416-9AB3-3966C889CC56}.RelWithDebInfo|x64.ActiveCfg = RelWithDebInfo|x64
		{6A5F8459-C6DE-377B-8A7E-A683403BBF33}.Debug|x64.ActiveCfg = Debug|x64
		{6A5F8459-C6DE-377B-8A7E-A683403BBF33}.Release|x64.ActiveCfg = Release|x64
		{6A5F8459-C6DE-377B-8A7E-A683403BBF33}.MinSizeRel|x64.ActiveCfg = MinSizeRel|x64
		{6A5F8459-C6DE-377B-8A7E-A683403BBF33}.RelWithDebInfo|x64.ActiveCfg = RelWithDebInfo|x64
		{A122BE2D-3C94-3BB0-A8B0-27183FA552CD}.Debug|x64.ActiveCfg = Debug|x64
		{A122BE2D-3C94-3BB0-A8B0-27183FA552CD}.Debug|x64.Build.0 = Debug|x64
		{A122BE2D-3C94-3BB0-A8B0-27183FA552CD}.Release|x64.ActiveCfg = Release|x64
		{A122BE2D-3C94-3BB0-A8B0-27183FA552CD}.Release|x64.Build.0 = Release|x64
		{A122BE2D-3C94-3BB0-A8B0-27183FA552CD}.MinSizeRel|x64.ActiveCfg = MinSizeRel|x64
		{A122BE2D-3C94-3BB0-A8B0-27183FA552CD}.MinSizeRel|x64.Build.0 = MinSizeRel|x64
		{A122BE2D-3C94-3BB0-A8B0-27183FA552CD}.RelWithDebInfo|x64.ActiveCfg = RelWithDebInfo|x64
		{A122BE2D-3C94-3BB0-A8B0-27183FA552CD}.RelWithDebInfo|x64.Build.0 = RelWithDebInfo|x64
		{88408A4A-80DE-3396-ABA9-363E6E67876D}.Debug|x64.ActiveCfg = Debug|x64
		{88408A4A-80DE-3396-ABA9-363E6E67876D}.Debug|x64.Build.0 = Debug|x64
		{88408A4A-80DE-3396-ABA9-363E6E67876D}.Release|x64.ActiveCfg = Release|x64
		{88408A4A-80DE-3396-ABA9-363E6E67876D}.Release|x64.Build.0 = Release|x64
		{88408A4A-80DE-3396-ABA9-363E6E67876D}.MinSizeRel|x64.ActiveCfg = MinSizeRel|x64
		{88408A4A-80DE-3396-ABA9-363E6E67876D}.MinSizeRel|x64.Build.0 = MinSizeRel|x64
		{88408A4A-80DE-3396-ABA9-363E6E67876D}.RelWithDebInfo|x64.ActiveCfg = RelWithDebInfo|x64
		{88408A4A-80DE-3396-ABA9-363E6E67876D}.RelWithDebInfo|x64.Build.0 = RelWithDebInfo|x64
		{694C6B31-E85E-3D95-BAF2-A06E1800F7C5}.Debug|x64.ActiveCfg = Debug|x64
		{694C6B31-E85E-3D95-BAF2-A06E1800F7C5}.Debug|x64.Build.0 = Debug|x64
		{694C6B31-E85E-3D95-BAF2-A06E1800F7C5}.Release|x64.ActiveCfg = Release|x64
		{694C6B31-E85E-3D95-BAF2-A06E1800F7C5}.Release|x64.Build.0 = Release|x64
		{694C6B31-E85E-3D95-BAF2-A06E1800F7C5}.MinSizeRel|x64.ActiveCfg = MinSizeRel|x64
		{694C6B31-E85E-3D95-BAF2-A06E1800F7C5}.MinSizeRel|x64.Build.0 = MinSizeRel|x64
		{694C6B31-E85E-3D95-BAF2-A06E1800F7C5}.RelWithDebInfo|x64.ActiveCfg = RelWithDebInfo|x64
		{694C6B31-E85E-3D95-BAF2-A06E1800F7C5}.RelWithDebInfo|x64.Build.0 = RelWithDebInfo|x64
		{8267D288-49FC-3929-B82B-051FA429E8BA}.Debug|x64.ActiveCfg = Debug|x64
		{8267D288-49FC-3929-B82B-051FA429E8BA}.Debug|x64.Build.0 = Debug|x64
		{8267D288-49FC-3929-B82B-051FA429E8BA}.Release|x64.ActiveCfg = Release|x64
		{8267D288-49FC-3929-B82B-051FA429E8BA}.Release|x64.Build.0 = Release|x64
		{8267D288-49FC-3929-B82B-051FA429E8BA}.MinSizeRel|x64.ActiveCfg = MinSizeRel|x64
		{8267D288-49FC-3929-B82B-051FA429E8BA}.MinSizeRel|x64.Build.0 = MinSizeRel|x64
		{8267D288-49FC-3929-B82B-051FA429E8BA}.RelWithDebInfo|x64.ActiveCfg = RelWithDebInfo|x64
		{8267D288-49FC-3929-B82B-051FA429E8BA}.RelWithDebInfo|x64.Build.0 = RelWithDebInfo|x64
		{D74AAD9F-CA85-3F32-A0E9-291D0A2AC8F3}.Debug|x64.ActiveCfg = Debug|x64
		{D74AAD9F-CA85-3F32-A0E9-291D0A2AC8F3}.Release|x64.ActiveCfg = Release|x64
		{D74AAD9F-CA85-3F32-A0E9-291D0A2AC8F3}.MinSizeRel|x64.ActiveCfg = MinSizeRel|x64
		{D74AAD9F-CA85-3F32-A0E9-291D0A2AC8F3}.RelWithDebInfo|x64.ActiveCfg = RelWithDebInfo|x64
		{CE3466BD-2204-3E19-B542-59DFE18F27A3}.Debug|x64.ActiveCfg = Debug|x64
		{CE3466BD-2204-3E19-B542-59DFE18F27A3}.Debug|x64.Build.0 = Debug|x64
		{CE3466BD-2204-3E19-B542-59DFE18F27A3}.Release|x64.ActiveCfg = Release|x64
		{CE3466BD-2204-3E19-B542-59DFE18F27A3}.Release|x64.Build.0 = Release|x64
		{CE3466BD-2204-3E19-B542-59DFE18F27A3}.MinSizeRel|x64.ActiveCfg = MinSizeRel|x64
		{CE3466BD-2204-3E19-B542-59DFE18F27A3}.MinSizeRel|x64.Build.0 = MinSizeRel|x64
		{CE3466BD-2204-3E19-B542-59DFE18F27A3}.RelWithDebInfo|x64.ActiveCfg = RelWithDebInfo|x64
		{CE3466BD-2204-3E19-B542-59DFE18F27A3}.RelWithDebInfo|x64.Build.0 = RelWithDebInfo|x64
		{005FE5E9-3E7C-36E2-B0C0-A43A18F55F0B}.Debug|x64.ActiveCfg = Debug|x64
		{005FE5E9-3E7C-36E2-B0C0-A43A18F55F0B}.Debug|x64.Build.0 = Debug|x64
		{005FE5E9-3E7C-36E2-B0C0-A43A18F55F0B}.Release|x64.ActiveCfg = Release|x64
		{005FE5E9-3E7C-36E2-B0C0-A43A18F55F0B}.Release|x64.Build.0 = Release|x64
		{005FE5E9-3E7C-36E2-B0C0-A43A18F55F0B}.MinSizeRel|x64.ActiveCfg = MinSizeRel|x64
		{005FE5E9-3E7C-36E2-B0C0-A43A18F55F0B}.MinSizeRel|x64.Build.0 = MinSizeRel|x64
		{005FE5E9-3E7C-36E2-B0C0-A43A18F55F0B}.RelWithDebInfo|x64.ActiveCfg = RelWithDebInfo|x64
		{005FE5E9-3E7C-36E2-B0C0-A43A18F55F0B}.RelWithDebInfo|x64.Build.0 = RelWithDebInfo|x64
		{FD317E79-64F4-353C-9A57-92B92A2D4C5A}.Debug|x64.ActiveCfg = Debug|x64
		{FD317E79-64F4-353C-9A57-92B92A2D4C5A}.Debug|x64.Build.0 = Debug|x64
		{FD317E79-64F4-353C-9A57-92B92A2D4C5A}.Release|x64.ActiveCfg = Release|x64
		{FD317E79-64F4-353C-9A57-92B92A2D4C5A}.Release|x64.Build.0 = Release|x64
		{FD317E79-64F4-353C-9A57-92B92A2D4C5A}.MinSizeRel|x64.ActiveCfg = MinSizeRel|x64
		{FD317E79-64F4-353C-9A57-92B92A2D4C5A}.MinSizeRel|x64.Build.0 = MinSizeRel|x64
		{FD317E79-64F4-353C-9A57-92B92A2D4C5A}.RelWithDebInfo|x64.ActiveCfg = RelWithDebInfo|x64
		{FD317E79-64F4-353C-9A57-92B92A2D4C5A}.RelWithDebInfo|x64.Build.0 = RelWithDebInfo|x64
		{4E67F00F-8859-31EA-9DCC-B07CD25D4E1E}.Debug|x64.ActiveCfg = Debug|x64
		{4E67F00F-8859-31EA-9DCC-B07CD25D4E1E}.Debug|x64.Build.0 = Debug|x64
		{4E67F00F-8859-31EA-9DCC-B07CD25D4E1E}.Release|x64.ActiveCfg = Release|x64
		{4E67F00F-8859-31EA-9DCC-B07CD25D4E1E}.Release|x64.Build.0 = Release|x64
		{4E67F00F-8859-31EA-9DCC-B07CD25D4E1E}.MinSizeRel|x64.ActiveCfg = MinSizeRel|x64
		{4E67F00F-8859-31EA-9DCC-B07CD25D4E1E}.MinSizeRel|x64.Build.0 = MinSizeRel|x64
		{4E67F00F-8859-31EA-9DCC-B07CD25D4E1E}.RelWithDebInfo|x64.ActiveCfg = RelWithDebInfo|x64
		{4E67F00F-8859-31EA-9DCC-B07CD25D4E1E}.RelWithDebInfo|x64.Build.0 = RelWithDebInfo|x64
		{EDDB6A83-0F38-3417-9D91-8AED1415EF95}.Debug|x64.ActiveCfg = Debug|x64
		{EDDB6A83-0F38-3417-9D91-8AED1415EF95}.Debug|x64.Build.0 = Debug|x64
		{EDDB6A83-0F38-3417-9D91-8AED1415EF95}.Release|x64.ActiveCfg = Release|x64
		{EDDB6A83-0F38-3417-9D91-8AED1415EF95}.Release|x64.Build.0 = Release|x64
		{EDDB6A83-0F38-3417-9D91-8AED1415EF95}.MinSizeRel|x64.ActiveCfg = MinSizeRel|x64
		{EDDB6A83-0F38-3417-9D91-8AED1415EF95}.MinSizeRel|x64.Build.0 = MinSizeRel|x64
		{EDDB6A83-0F38-3417-9D91-8AED1415EF95}.RelWithDebInfo|x64.ActiveCfg = RelWithDebInfo|x64
		{EDDB6A83-0F38-3417-9D91-8AED1415EF95}.RelWithDebInfo|x64.Build.0 = RelWithDebInfo|x64
		{BF5A42D8-613E-3D6B-A7AB-6FB0E1974B28}.Debug|x64.ActiveCfg = Debug|x64
		{BF5A42D8-613E-3D6B-A7AB-6FB0E1974B28}.Debug|x64.Build.0 = Debug|x64
		{BF5A42D8-613E-3D6B-A7AB-6FB0E1974B28}.Release|x64.ActiveCfg = Release|x64
		{BF5A42D8-613E-3D6B-A7AB-6FB0E1974B28}.Release|x64.Build.0 = Release|x64
		{BF5A42D8-613E-3D6B-A7AB-6FB0E1974B28}.MinSizeRel|x64.ActiveCfg = MinSizeRel|x64
		{BF5A42D8-613E-3D6B-A7AB-6FB0E1974B28}.MinSizeRel|x64.Build.0 = MinSizeRel|x64
		{BF5A42D8-613E-3D6B-A7AB-6FB0E1974B28}.RelWithDebInfo|x64.ActiveCfg = RelWithDebInfo|x64
		{BF5A42D8-613E-3D6B-A7AB-6FB0E1974B28}.RelWithDebInfo|x64.Build.0 = RelWithDebInfo|x64
		{C4FC066F-3B40-3F75-9754-2073B815DE12}.Debug|x64.ActiveCfg = Debug|x64
		{C4FC066F-3B40-3F75-9754-2073B815DE12}.Debug|x64.Build.0 = Debug|x64
		{C4FC066F-3B40-3F75-9754-2073B815DE12}.Release|x64.ActiveCfg = Release|x64
		{C4FC066F-3B40-3F75-9754-2073B815DE12}.Release|x64.Build.0 = Release|x64
		{C4FC066F-3B40-3F75-9754-2073B815DE12}.MinSizeRel|x64.ActiveCfg = MinSizeRel|x64
		{C4FC066F-3B40-3F75-9754-2073B815DE12}.MinSizeRel|x64.Build.0 = MinSizeRel|x64
		{C4FC066F-3B40-3F75-9754-2073B815DE12}.RelWithDebInfo|x64.ActiveCfg = RelWithDebInfo|x64
		{C4FC066F-3B40-3F75-9754-2073B815DE12}.RelWithDebInfo|x64.Build.0 = RelWithDebInfo|x64
		{8EAD118C-8C33-3406-9746-9C227D79390D}.Debug|x64.ActiveCfg = Debug|x64
		{8EAD118C-8C33-3406-9746-9C227D79390D}.Debug|x64.Build.0 = Debug|x64
		{8EAD118C-8C33-3406-9746-9C227D79390D}.Release|x64.ActiveCfg = Release|x64
		{8EAD118C-8C33-3406-9746-9C227D79390D}.Release|x64.Build.0 = Release|x64
		{8EAD118C-8C33-3406-9746-9C227D79390D}.MinSizeRel|x64.ActiveCfg = MinSizeRel|x64
		{8EAD118C-8C33-3406-9746-9C227D79390D}.MinSizeRel|x64.Build.0 = MinSizeRel|x64
		{8EAD118C-8C33-3406-9746-9C227D79390D}.RelWithDebInfo|x64.ActiveCfg = RelWithDebInfo|x64
		{8EAD118C-8C33-3406-9746-9C227D79390D}.RelWithDebInfo|x64.Build.0 = RelWithDebInfo|x64
		{113AB725-4D27-3CBE-B53C-BE72E048DC8D}.Debug|x64.ActiveCfg = Debug|x64
		{113AB725-4D27-3CBE-B53C-BE72E048DC8D}.Debug|x64.Build.0 = Debug|x64
		{113AB725-4D27-3CBE-B53C-BE72E048DC8D}.Release|x64.ActiveCfg = Release|x64
		{113AB725-4D27-3CBE-B53C-BE72E048DC8D}.Release|x64.Build.0 = Release|x64
		{113AB725-4D27-3CBE-B53C-BE72E048DC8D}.MinSizeRel|x64.ActiveCfg = MinSizeRel|x64
		{113AB725-4D27-3CBE-B53C-BE72E048DC8D}.MinSizeRel|x64.Build.0 = MinSizeRel|x64
		{113AB725-4D27-3CBE-B53C-BE72E048DC8D}.RelWithDebInfo|x64.ActiveCfg = RelWithDebInfo|x64
		{113AB725-4D27-3CBE-B53C-BE72E048DC8D}.RelWithDebInfo|x64.Build.0 = RelWithDebInfo|x64
		{F5CDB920-43EC-34D8-9606-C80E7F7AB5C6}.Debug|x64.ActiveCfg = Debug|x64
		{F5CDB920-43EC-34D8-9606-C80E7F7AB5C6}.Debug|x64.Build.0 = Debug|x64
		{F5CDB920-43EC-34D8-9606-C80E7F7AB5C6}.Release|x64.ActiveCfg = Release|x64
		{F5CDB920-43EC-34D8-9606-C80E7F7AB5C6}.Release|x64.Build.0 = Release|x64
		{F5CDB920-43EC-34D8-9606-C80E7F7AB5C6}.MinSizeRel|x64.ActiveCfg = MinSizeRel|x64
		{F5CDB920-43EC-34D8-9606-C80E7F7AB5C6}.MinSizeRel|x64.Build.0 = MinSizeRel|x64
		{F5CDB920-43EC-34D8-9606-C80E7F7AB5C6}.RelWithDebInfo|x64.ActiveCfg = RelWithDebInfo|x64
		{F5CDB920-43EC-34D8-9606-C80E7F7AB5C6}.RelWithDebInfo|x64.Build.0 = RelWithDebInfo|x64
		{EF2A163D-1616-3710-96A2-FC55EFE8C153}.Debug|x64.ActiveCfg = Debug|x64
		{EF2A163D-1616-3710-96A2-FC55EFE8C153}.Debug|x64.Build.0 = Debug|x64
		{EF2A163D-1616-3710-96A2-FC55EFE8C153}.Release|x64.ActiveCfg = Release|x64
		{EF2A163D-1616-3710-96A2-FC55EFE8C153}.Release|x64.Build.0 = Release|x64
		{EF2A163D-1616-3710-96A2-FC55EFE8C153}.MinSizeRel|x64.ActiveCfg = MinSizeRel|x64
		{EF2A163D-1616-3710-96A2-FC55EFE8C153}.MinSizeRel|x64.Build.0 = MinSizeRel|x64
		{EF2A163D-1616-3710-96A2-FC55EFE8C153}.RelWithDebInfo|x64.ActiveCfg = RelWithDebInfo|x64
		{EF2A163D-1616-3710-96A2-FC55EFE8C153}.RelWithDebInfo|x64.Build.0 = RelWithDebInfo|x64
		{6FED9CC9-DF1C-3D95-9E43-3D7C45566A0D}.Debug|x64.ActiveCfg = Debug|x64
		{6FED9CC9-DF1C-3D95-9E43-3D7C45566A0D}.Debug|x64.Build.0 = Debug|x64
		{6FED9CC9-DF1C-3D95-9E43-3D7C45566A0D}.Release|x64.ActiveCfg = Release|x64
		{6FED9CC9-DF1C-3D95-9E43-3D7C45566A0D}.Release|x64.Build.0 = Release|x64
		{6FED9CC9-DF1C-3D95-9E43-3D7C45566A0D}.MinSizeRel|x64.ActiveCfg = MinSizeRel|x64
		{6FED9CC9-DF1C-3D95-9E43-3D7C45566A0D}.MinSizeRel|x64.Build.0 = MinSizeRel|x64
		{6FED9CC9-DF1C-3D95-9E43-3D7C45566A0D}.RelWithDebInfo|x64.ActiveCfg = RelWithDebInfo|x64
		{6FED9CC9-DF1C-3D95-9E43-3D7C45566A0D}.RelWithDebInfo|x64.Build.0 = RelWithDebInfo|x64
		{FF7C76A8-7527-33E8-87CD-96852794742D}.Debug|x64.ActiveCfg = Debug|x64
		{FF7C76A8-7527-33E8-87CD-96852794742D}.Debug|x64.Build.0 = Debug|x64
		{FF7C76A8-7527-33E8-87CD-96852794742D}.Release|x64.ActiveCfg = Release|x64
		{FF7C76A8-7527-33E8-87CD-96852794742D}.Release|x64.Build.0 = Release|x64
		{FF7C76A8-7527-33E8-87CD-96852794742D}.MinSizeRel|x64.ActiveCfg = MinSizeRel|x64
		{FF7C76A8-7527-33E8-87CD-96852794742D}.MinSizeRel|x64.Build.0 = MinSizeRel|x64
		{FF7C76A8-7527-33E8-87CD-96852794742D}.RelWithDebInfo|x64.ActiveCfg = RelWithDebInfo|x64
		{FF7C76A8-7527-33E8-87CD-96852794742D}.RelWithDebInfo|x64.Build.0 = RelWithDebInfo|x64
		{A9C12778-B887-363F-BD06-9D78B3C31B0F}.Debug|x64.ActiveCfg = Debug|x64
		{A9C12778-B887-363F-BD06-9D78B3C31B0F}.Debug|x64.Build.0 = Debug|x64
		{A9C12778-B887-363F-BD06-9D78B3C31B0F}.Release|x64.ActiveCfg = Release|x64
		{A9C12778-B887-363F-BD06-9D78B3C31B0F}.Release|x64.Build.0 = Release|x64
		{A9C12778-B887-363F-BD06-9D78B3C31B0F}.MinSizeRel|x64.ActiveCfg = MinSizeRel|x64
		{A9C12778-B887-363F-BD06-9D78B3C31B0F}.MinSizeRel|x64.Build.0 = MinSizeRel|x64
		{A9C12778-B887-363F-BD06-9D78B3C31B0F}.RelWithDebInfo|x64.ActiveCfg = RelWithDebInfo|x64
		{A9C12778-B887-363F-BD06-9D78B3C31B0F}.RelWithDebInfo|x64.Build.0 = RelWithDebInfo|x64
		{C19053CF-4DBF-3CD8-8DC4-D2694C71CA23}.Debug|x64.ActiveCfg = Debug|x64
		{C19053CF-4DBF-3CD8-8DC4-D2694C71CA23}.Debug|x64.Build.0 = Debug|x64
		{C19053CF-4DBF-3CD8-8DC4-D2694C71CA23}.Release|x64.ActiveCfg = Release|x64
		{C19053CF-4DBF-3CD8-8DC4-D2694C71CA23}.Release|x64.Build.0 = Release|x64
		{C19053CF-4DBF-3CD8-8DC4-D2694C71CA23}.MinSizeRel|x64.ActiveCfg = MinSizeRel|x64
		{C19053CF-4DBF-3CD8-8DC4-D2694C71CA23}.MinSizeRel|x64.Build.0 = MinSizeRel|x64
		{C19053CF-4DBF-3CD8-8DC4-D2694C71CA23}.RelWithDebInfo|x64.ActiveCfg = RelWithDebInfo|x64
		{C19053CF-4DBF-3CD8-8DC4-D2694C71CA23}.RelWithDebInfo|x64.Build.0 = RelWithDebInfo|x64
		{DBEDE279-C179-3756-B441-CF40B17DADED}.Debug|x64.ActiveCfg = Debug|x64
		{DBEDE279-C179-3756-B441-CF40B17DADED}.Debug|x64.Build.0 = Debug|x64
		{DBEDE279-C179-3756-B441-CF40B17DADED}.Release|x64.ActiveCfg = Release|x64
		{DBEDE279-C179-3756-B441-CF40B17DADED}.Release|x64.Build.0 = Release|x64
		{DBEDE279-C179-3756-B441-CF40B17DADED}.MinSizeRel|x64.ActiveCfg = MinSizeRel|x64
		{DBEDE279-C179-3756-B441-CF40B17DADED}.MinSizeRel|x64.Build.0 = MinSizeRel|x64
		{DBEDE279-C179-3756-B441-CF40B17DADED}.RelWithDebInfo|x64.ActiveCfg = RelWithDebInfo|x64
		{DBEDE279-C179-3756-B441-CF40B17DADED}.RelWithDebInfo|x64.Build.0 = RelWithDebInfo|x64
		{10920C61-D605-35E8-A02F-83CFE98DD8C2}.Debug|x64.ActiveCfg = Debug|x64
		{10920C61-D605-35E8-A02F-83CFE98DD8C2}.Debug|x64.Build.0 = Debug|x64
		{10920C61-D605-35E8-A02F-83CFE98DD8C2}.Release|x64.ActiveCfg = Release|x64
		{10920C61-D605-35E8-A02F-83CFE98DD8C2}.Release|x64.Build.0 = Release|x64
		{10920C61-D605-35E8-A02F-83CFE98DD8C2}.MinSizeRel|x64.ActiveCfg = MinSizeRel|x64
		{10920C61-D605-35E8-A02F-83CFE98DD8C2}.MinSizeRel|x64.Build.0 = MinSizeRel|x64
		{10920C61-D605-35E8-A02F-83CFE98DD8C2}.RelWithDebInfo|x64.ActiveCfg = RelWithDebInfo|x64
		{10920C61-D605-35E8-A02F-83CFE98DD8C2}.RelWithDebInfo|x64.Build.0 = RelWithDebInfo|x64
		{02779E6C-B51E-32CE-B436-F5DB873E7AC1}.Debug|x64.ActiveCfg = Debug|x64
		{02779E6C-B51E-32CE-B436-F5DB873E7AC1}.Debug|x64.Build.0 = Debug|x64
		{02779E6C-B51E-32CE-B436-F5DB873E7AC1}.Release|x64.ActiveCfg = Release|x64
		{02779E6C-B51E-32CE-B436-F5DB873E7AC1}.Release|x64.Build.0 = Release|x64
		{02779E6C-B51E-32CE-B436-F5DB873E7AC1}.MinSizeRel|x64.ActiveCfg = MinSizeRel|x64
		{02779E6C-B51E-32CE-B436-F5DB873E7AC1}.MinSizeRel|x64.Build.0 = MinSizeRel|x64
		{02779E6C-B51E-32CE-B436-F5DB873E7AC1}.RelWithDebInfo|x64.ActiveCfg = RelWithDebInfo|x64
		{02779E6C-B51E-32CE-B436-F5DB873E7AC1}.RelWithDebInfo|x64.Build.0 = RelWithDebInfo|x64
		{9260F16C-77EE-3AA0-B1C7-EA43ABE7F611}.Debug|x64.ActiveCfg = Debug|x64
		{9260F16C-77EE-3AA0-B1C7-EA43ABE7F611}.Debug|x64.Build.0 = Debug|x64
		{9260F16C-77EE-3AA0-B1C7-EA43ABE7F611}.Release|x64.ActiveCfg = Release|x64
		{9260F16C-77EE-3AA0-B1C7-EA43ABE7F611}.Release|x64.Build.0 = Release|x64
		{9260F16C-77EE-3AA0-B1C7-EA43ABE7F611}.MinSizeRel|x64.ActiveCfg = MinSizeRel|x64
		{9260F16C-77EE-3AA0-B1C7-EA43ABE7F611}.MinSizeRel|x64.Build.0 = MinSizeRel|x64
		{9260F16C-77EE-3AA0-B1C7-EA43ABE7F611}.RelWithDebInfo|x64.ActiveCfg = RelWithDebInfo|x64
		{9260F16C-77EE-3AA0-B1C7-EA43ABE7F611}.RelWithDebInfo|x64.Build.0 = RelWithDebInfo|x64
		{7B9A8B93-9605-30F3-9E05-D27A4652984A}.Debug|x64.ActiveCfg = Debug|x64
		{7B9A8B93-9605-30F3-9E05-D27A4652984A}.Debug|x64.Build.0 = Debug|x64
		{7B9A8B93-9605-30F3-9E05-D27A4652984A}.Release|x64.ActiveCfg = Release|x64
		{7B9A8B93-9605-30F3-9E05-D27A4652984A}.Release|x64.Build.0 = Release|x64
		{7B9A8B93-9605-30F3-9E05-D27A4652984A}.MinSizeRel|x64.ActiveCfg = MinSizeRel|x64
		{7B9A8B93-9605-30F3-9E05-D27A4652984A}.MinSizeRel|x64.Build.0 = MinSizeRel|x64
		{7B9A8B93-9605-30F3-9E05-D27A4652984A}.RelWithDebInfo|x64.ActiveCfg = RelWithDebInfo|x64
		{7B9A8B93-9605-30F3-9E05-D27A4652984A}.RelWithDebInfo|x64.Build.0 = RelWithDebInfo|x64
		{EB088231-31B3-3F6D-B430-57B7D192F7C9}.Debug|x64.ActiveCfg = Debug|x64
		{EB088231-31B3-3F6D-B430-57B7D192F7C9}.Debug|x64.Build.0 = Debug|x64
		{EB088231-31B3-3F6D-B430-57B7D192F7C9}.Release|x64.ActiveCfg = Release|x64
		{EB088231-31B3-3F6D-B430-57B7D192F7C9}.Release|x64.Build.0 = Release|x64
		{EB088231-31B3-3F6D-B430-57B7D192F7C9}.MinSizeRel|x64.ActiveCfg = MinSizeRel|x64
		{EB088231-31B3-3F6D-B430-57B7D192F7C9}.MinSizeRel|x64.Build.0 = MinSizeRel|x64
		{EB088231-31B3-3F6D-B430-57B7D192F7C9}.RelWithDebInfo|x64.ActiveCfg = RelWithDebInfo|x64
		{EB088231-31B3-3F6D-B430-57B7D192F7C9}.RelWithDebInfo|x64.Build.0 = RelWithDebInfo|x64
		{654EA1D7-13DE-39D5-8EAC-7CE50B805404}.Debug|x64.ActiveCfg = Debug|x64
		{654EA1D7-13DE-39D5-8EAC-7CE50B805404}.Debug|x64.Build.0 = Debug|x64
		{654EA1D7-13DE-39D5-8EAC-7CE50B805404}.Release|x64.ActiveCfg = Release|x64
		{654EA1D7-13DE-39D5-8EAC-7CE50B805404}.Release|x64.Build.0 = Release|x64
		{654EA1D7-13DE-39D5-8EAC-7CE50B805404}.MinSizeRel|x64.ActiveCfg = MinSizeRel|x64
		{654EA1D7-13DE-39D5-8EAC-7CE50B805404}.MinSizeRel|x64.Build.0 = MinSizeRel|x64
		{654EA1D7-13DE-39D5-8EAC-7CE50B805404}.RelWithDebInfo|x64.ActiveCfg = RelWithDebInfo|x64
		{654EA1D7-13DE-39D5-8EAC-7CE50B805404}.RelWithDebInfo|x64.Build.0 = RelWithDebInfo|x64
		{53A257E9-C218-3B5A-B33C-45C7B18584EF}.Debug|x64.ActiveCfg = Debug|x64
		{53A257E9-C218-3B5A-B33C-45C7B18584EF}.Release|x64.ActiveCfg = Release|x64
		{53A257E9-C218-3B5A-B33C-45C7B18584EF}.MinSizeRel|x64.ActiveCfg = MinSizeRel|x64
		{53A257E9-C218-3B5A-B33C-45C7B18584EF}.RelWithDebInfo|x64.ActiveCfg = RelWithDebInfo|x64
	EndGlobalSection
	GlobalSection(NestedProjects) = preSolution
		{2C123F02-892C-31B5-AE48-645E14204078} = {CBABF8C6-97A3-340A-8E20-CEFB32295A6B}
		{476E712F-9569-3416-9AB3-3966C889CC56} = {CBABF8C6-97A3-340A-8E20-CEFB32295A6B}
		{6A5F8459-C6DE-377B-8A7E-A683403BBF33} = {CBABF8C6-97A3-340A-8E20-CEFB32295A6B}
		{A122BE2D-3C94-3BB0-A8B0-27183FA552CD} = {CBABF8C6-97A3-340A-8E20-CEFB32295A6B}
		{C4FC066F-3B40-3F75-9754-2073B815DE12} = {B63696AC-D4A4-3905-98C6-D34E44994D6A}
		{8EAD118C-8C33-3406-9746-9C227D79390D} = {B63696AC-D4A4-3905-98C6-D34E44994D6A}
	EndGlobalSection
	GlobalSection(ExtensibilityGlobals) = postSolution
		SolutionGuid = {2CC9D40A-A8C5-30C6-ABDC-5E8FE0F5A275}
	EndGlobalSection
	GlobalSection(ExtensibilityAddIns) = postSolution
	EndGlobalSection
EndGlobal
