
Microsoft Visual Studio Solution File, Format Version 12.00
# Visual Studio Version 17
Project("{2150E333-8FDC-42A3-9474-1A3956D46DE8}") = "CMakePredefinedTargets", "CMakePredefinedTargets", "{9F7E5399-F36A-3B2D-86AC-2EA17C8EA3D3}"
EndProject
Project("{2150E333-8FDC-42A3-9474-1A3956D46DE8}") = "Libraries", "Libraries", "{29491D03-8956-397D-9971-BA47F25A9C1A}"
EndProject
Project("{8BC9CEB8-8B4A-11D0-8D11-00A0C91BC942}") = "ALL_BUILD", "ALL_BUILD.vcxproj", "{54B7B936-E076-34C9-A5D6-47E80FC10550}"
	ProjectSection(ProjectDependencies) = postProject
		{664FA744-CA48-39F5-93D7-990D07A349D2} = {664FA744-CA48-39F5-93D7-990D07A349D2}
		{A78D2DEB-A4E9-3AD9-8645-51E2B8973524} = {A78D2DEB-A4E9-3AD9-8645-51E2B8973524}
	EndProjectSection
EndProject
Project("{8BC9CEB8-8B4A-11D0-8D11-00A0C91BC942}") = "INSTALL", "INSTALL.vcxproj", "{383ECEE1-8112-3403-A8B6-8A55B52414C9}"
	ProjectSection(ProjectDependencies) = postProject
		{54B7B936-E076-34C9-A5D6-47E80FC10550} = {54B7B936-E076-34C9-A5D6-47E80FC10550}
		{664FA744-CA48-39F5-93D7-990D07A349D2} = {664FA744-CA48-39F5-93D7-990D07A349D2}
	EndProjectSection
EndProject
Project("{8BC9CEB8-8B4A-11D0-8D11-00A0C91BC942}") = "PACKAGE", "PACKAGE.vcxproj", "{8B11E0B9-5E63-3111-BC1F-6006500C31BE}"
	ProjectSection(ProjectDependencies) = postProject
		{54B7B936-E076-34C9-A5D6-47E80FC10550} = {54B7B936-E076-34C9-A5D6-47E80FC10550}
		{664FA744-CA48-39F5-93D7-990D07A349D2} = {664FA744-CA48-39F5-93D7-990D07A349D2}
	EndProjectSection
EndProject
Project("{8BC9CEB8-8B4A-11D0-8D11-00A0C91BC942}") = "ZERO_CHECK", "..\..\\ZERO_CHECK.vcxproj", "{664FA744-CA48-39F5-93D7-990D07A349D2}"
	ProjectSection(ProjectDependencies) = postProject
	EndProjectSection
EndProject
Project("{8BC9CEB8-8B4A-11D0-8D11-00A0C91BC942}") = "core", "..\..\core\core.vcxproj", "{E037003B-720A-3559-818C-AF97DCFCB5F9}"
	ProjectSection(ProjectDependencies) = postProject
		{664FA744-CA48-39F5-93D7-990D07A349D2} = {664FA744-CA48-39F5-93D7-990D07A349D2}
		{C165BB74-5866-3BCA-8147-14B11C218F65} = {C165BB74-5866-3BCA-8147-14B11C218F65}
	EndProjectSection
EndProject
Project("{8BC9CEB8-8B4A-11D0-8D11-00A0C91BC942}") = "laszip3", "..\..\3rdparty\LASzip\src\laszip3.vcxproj", "{C165BB74-5866-3BCA-8147-14B11C218F65}"
	ProjectSection(ProjectDependencies) = postProject
		{664FA744-CA48-39F5-93D7-990D07A349D2} = {664FA744-CA48-39F5-93D7-990D07A349D2}
	EndProjectSection
EndProject
Project("{8BC9CEB8-8B4A-11D0-8D11-00A0C91BC942}") = "split_multi_livox", "split_multi_livox.vcxproj", "{A78D2DEB-A4E9-3AD9-8645-51E2B8973524}"
	ProjectSection(ProjectDependencies) = postProject
		{664FA744-CA48-39F5-93D7-990D07A349D2} = {664FA744-CA48-39F5-93D7-990D07A349D2}
		{E037003B-720A-3559-818C-AF97DCFCB5F9} = {E037003B-720A-3559-818C-AF97DCFCB5F9}
		{C165BB74-5866-3BCA-8147-14B11C218F65} = {C165BB74-5866-3BCA-8147-14B11C218F65}
	EndProjectSection
EndProject
Global
	GlobalSection(SolutionConfigurationPlatforms) = preSolution
		Debug|x64 = Debug|x64
		Release|x64 = Release|x64
		MinSizeRel|x64 = MinSizeRel|x64
		RelWithDebInfo|x64 = RelWithDebInfo|x64
	EndGlobalSection
	GlobalSection(ProjectConfigurationPlatforms) = postSolution
		{54B7B936-E076-34C9-A5D6-47E80FC10550}.Debug|x64.ActiveCfg = Debug|x64
		{54B7B936-E076-34C9-A5D6-47E80FC10550}.Debug|x64.Build.0 = Debug|x64
		{54B7B936-E076-34C9-A5D6-47E80FC10550}.Release|x64.ActiveCfg = Release|x64
		{54B7B936-E076-34C9-A5D6-47E80FC10550}.Release|x64.Build.0 = Release|x64
		{54B7B936-E076-34C9-A5D6-47E80FC10550}.MinSizeRel|x64.ActiveCfg = MinSizeRel|x64
		{54B7B936-E076-34C9-A5D6-47E80FC10550}.MinSizeRel|x64.Build.0 = MinSizeRel|x64
		{54B7B936-E076-34C9-A5D6-47E80FC10550}.RelWithDebInfo|x64.ActiveCfg = RelWithDebInfo|x64
		{54B7B936-E076-34C9-A5D6-47E80FC10550}.RelWithDebInfo|x64.Build.0 = RelWithDebInfo|x64
		{383ECEE1-8112-3403-A8B6-8A55B52414C9}.Debug|x64.ActiveCfg = Debug|x64
		{383ECEE1-8112-3403-A8B6-8A55B52414C9}.Release|x64.ActiveCfg = Release|x64
		{383ECEE1-8112-3403-A8B6-8A55B52414C9}.MinSizeRel|x64.ActiveCfg = MinSizeRel|x64
		{383ECEE1-8112-3403-A8B6-8A55B52414C9}.RelWithDebInfo|x64.ActiveCfg = RelWithDebInfo|x64
		{8B11E0B9-5E63-3111-BC1F-6006500C31BE}.Debug|x64.ActiveCfg = Debug|x64
		{8B11E0B9-5E63-3111-BC1F-6006500C31BE}.Release|x64.ActiveCfg = Release|x64
		{8B11E0B9-5E63-3111-BC1F-6006500C31BE}.MinSizeRel|x64.ActiveCfg = MinSizeRel|x64
		{8B11E0B9-5E63-3111-BC1F-6006500C31BE}.RelWithDebInfo|x64.ActiveCfg = RelWithDebInfo|x64
		{664FA744-CA48-39F5-93D7-990D07A349D2}.Debug|x64.ActiveCfg = Debug|x64
		{664FA744-CA48-39F5-93D7-990D07A349D2}.Debug|x64.Build.0 = Debug|x64
		{664FA744-CA48-39F5-93D7-990D07A349D2}.Release|x64.ActiveCfg = Release|x64
		{664FA744-CA48-39F5-93D7-990D07A349D2}.Release|x64.Build.0 = Release|x64
		{664FA744-CA48-39F5-93D7-990D07A349D2}.MinSizeRel|x64.ActiveCfg = MinSizeRel|x64
		{664FA744-CA48-39F5-93D7-990D07A349D2}.MinSizeRel|x64.Build.0 = MinSizeRel|x64
		{664FA744-CA48-39F5-93D7-990D07A349D2}.RelWithDebInfo|x64.ActiveCfg = RelWithDebInfo|x64
		{664FA744-CA48-39F5-93D7-990D07A349D2}.RelWithDebInfo|x64.Build.0 = RelWithDebInfo|x64
		{E037003B-720A-3559-818C-AF97DCFCB5F9}.Debug|x64.ActiveCfg = Debug|x64
		{E037003B-720A-3559-818C-AF97DCFCB5F9}.Debug|x64.Build.0 = Debug|x64
		{E037003B-720A-3559-818C-AF97DCFCB5F9}.Release|x64.ActiveCfg = Release|x64
		{E037003B-720A-3559-818C-AF97DCFCB5F9}.Release|x64.Build.0 = Release|x64
		{E037003B-720A-3559-818C-AF97DCFCB5F9}.MinSizeRel|x64.ActiveCfg = MinSizeRel|x64
		{E037003B-720A-3559-818C-AF97DCFCB5F9}.MinSizeRel|x64.Build.0 = MinSizeRel|x64
		{E037003B-720A-3559-818C-AF97DCFCB5F9}.RelWithDebInfo|x64.ActiveCfg = RelWithDebInfo|x64
		{E037003B-720A-3559-818C-AF97DCFCB5F9}.RelWithDebInfo|x64.Build.0 = RelWithDebInfo|x64
		{C165BB74-5866-3BCA-8147-14B11C218F65}.Debug|x64.ActiveCfg = Debug|x64
		{C165BB74-5866-3BCA-8147-14B11C218F65}.Debug|x64.Build.0 = Debug|x64
		{C165BB74-5866-3BCA-8147-14B11C218F65}.Release|x64.ActiveCfg = Release|x64
		{C165BB74-5866-3BCA-8147-14B11C218F65}.Release|x64.Build.0 = Release|x64
		{C165BB74-5866-3BCA-8147-14B11C218F65}.MinSizeRel|x64.ActiveCfg = MinSizeRel|x64
		{C165BB74-5866-3BCA-8147-14B11C218F65}.MinSizeRel|x64.Build.0 = MinSizeRel|x64
		{C165BB74-5866-3BCA-8147-14B11C218F65}.RelWithDebInfo|x64.ActiveCfg = RelWithDebInfo|x64
		{C165BB74-5866-3BCA-8147-14B11C218F65}.RelWithDebInfo|x64.Build.0 = RelWithDebInfo|x64
		{A78D2DEB-A4E9-3AD9-8645-51E2B8973524}.Debug|x64.ActiveCfg = Debug|x64
		{A78D2DEB-A4E9-3AD9-8645-51E2B8973524}.Debug|x64.Build.0 = Debug|x64
		{A78D2DEB-A4E9-3AD9-8645-51E2B8973524}.Release|x64.ActiveCfg = Release|x64
		{A78D2DEB-A4E9-3AD9-8645-51E2B8973524}.Release|x64.Build.0 = Release|x64
		{A78D2DEB-A4E9-3AD9-8645-51E2B8973524}.MinSizeRel|x64.ActiveCfg = MinSizeRel|x64
		{A78D2DEB-A4E9-3AD9-8645-51E2B8973524}.MinSizeRel|x64.Build.0 = MinSizeRel|x64
		{A78D2DEB-A4E9-3AD9-8645-51E2B8973524}.RelWithDebInfo|x64.ActiveCfg = RelWithDebInfo|x64
		{A78D2DEB-A4E9-3AD9-8645-51E2B8973524}.RelWithDebInfo|x64.Build.0 = RelWithDebInfo|x64
	EndGlobalSection
	GlobalSection(NestedProjects) = preSolution
		{54B7B936-E076-34C9-A5D6-47E80FC10550} = {9F7E5399-F36A-3B2D-86AC-2EA17C8EA3D3}
		{383ECEE1-8112-3403-A8B6-8A55B52414C9} = {9F7E5399-F36A-3B2D-86AC-2EA17C8EA3D3}
		{8B11E0B9-5E63-3111-BC1F-6006500C31BE} = {9F7E5399-F36A-3B2D-86AC-2EA17C8EA3D3}
		{664FA744-CA48-39F5-93D7-990D07A349D2} = {9F7E5399-F36A-3B2D-86AC-2EA17C8EA3D3}
		{C165BB74-5866-3BCA-8147-14B11C218F65} = {29491D03-8956-397D-9971-BA47F25A9C1A}
	EndGlobalSection
	GlobalSection(ExtensibilityGlobals) = postSolution
		SolutionGuid = {7B7FCA27-E4A9-37E9-881F-1D0428201750}
	EndGlobalSection
	GlobalSection(ExtensibilityAddIns) = postSolution
	EndGlobalSection
EndGlobal
