
Microsoft Visual Studio Solution File, Format Version 12.00
# Visual Studio Version 17
Project("{2150E333-8FDC-42A3-9474-1A3956D46DE8}") = "CMakePredefinedTargets", "CMakePredefinedTargets", "{91120063-64B1-3DF0-A3E7-665A3F8AAAE8}"
EndProject
Project("{2150E333-8FDC-42A3-9474-1A3956D46DE8}") = "Libraries", "Libraries", "{7F4099C1-7B0F-3ADD-8D3D-81161AC9D065}"
EndProject
Project("{8BC9CEB8-8B4A-11D0-8D11-00A0C91BC942}") = "ALL_BUILD", "ALL_BUILD.vcxproj", "{C77CC514-E5D9-370F-B8D3-9F6DFA2D1454}"
	ProjectSection(ProjectDependencies) = postProject
		{415BD7A1-9BF8-3871-B61C-F18A3171AF81} = {415BD7A1-9BF8-3871-B61C-F18A3171AF81}
		{2371A0E6-B378-36C8-B00E-7813230DF23D} = {2371A0E6-B378-36C8-B00E-7813230DF23D}
		{C4FB08C6-0E18-3EFE-8E81-1499E892600B} = {C4FB08C6-0E18-3EFE-8E81-1499E892600B}
		{B836C70E-D917-307E-AE8D-7C6B9B16596C} = {B836C70E-D917-307E-AE8D-7C6B9B16596C}
		{B41E2887-FDF1-3BF0-949D-281EEC7180CD} = {B41E2887-FDF1-3BF0-949D-281EEC7180CD}
		{8A2CE237-1BDA-35BE-B079-523AB73EA84F} = {8A2CE237-1BDA-35BE-B079-523AB73EA84F}
		{2498DAB8-E926-3045-B5A7-5B55E1415011} = {2498DAB8-E926-3045-B5A7-5B55E1415011}
		{46DDA5D8-6B4F-37FE-9661-69E3C0D3F30D} = {46DDA5D8-6B4F-37FE-9661-69E3C0D3F30D}
		{D102AAB8-87A6-3AE8-9061-61B14E7E6099} = {D102AAB8-87A6-3AE8-9061-61B14E7E6099}
		{520DBB8A-2FAF-3F48-AACC-6AAFC4A7BA8B} = {520DBB8A-2FAF-3F48-AACC-6AAFC4A7BA8B}
		{09A94B9B-6985-3110-8CDA-750082E3812A} = {09A94B9B-6985-3110-8CDA-750082E3812A}
		{6ADAA227-421C-3F43-95C1-31337BC713E3} = {6ADAA227-421C-3F43-95C1-31337BC713E3}
		{CFE2FD33-5EAF-31AA-A6F2-CB86B0E754FD} = {CFE2FD33-5EAF-31AA-A6F2-CB86B0E754FD}
		{0CF133F1-622E-3BDD-854C-9081243CB721} = {0CF133F1-622E-3BDD-854C-9081243CB721}
		{3BBE0DCF-D39F-35B2-9169-EEB0B9D7B8BD} = {3BBE0DCF-D39F-35B2-9169-EEB0B9D7B8BD}
		{A2FCBA10-8F52-30C2-B077-56B40494880A} = {A2FCBA10-8F52-30C2-B077-56B40494880A}
		{F3198BE4-552D-34C0-9428-4111A8527264} = {F3198BE4-552D-34C0-9428-4111A8527264}
		{498DF087-E75B-3EF6-BAB0-5F5B6C92870B} = {498DF087-E75B-3EF6-BAB0-5F5B6C92870B}
		{DDEB2BD0-019A-34F5-8E09-E0EB21591C19} = {DDEB2BD0-019A-34F5-8E09-E0EB21591C19}
		{63F8DDDF-BB64-3269-83D6-DDFC99384DF5} = {63F8DDDF-BB64-3269-83D6-DDFC99384DF5}
		{F8A97192-574F-3935-B063-50D1EDBA7E9F} = {F8A97192-574F-3935-B063-50D1EDBA7E9F}
		{D865ACB5-651E-383C-B189-FA8B02659AB6} = {D865ACB5-651E-383C-B189-FA8B02659AB6}
		{64064E37-052B-3F0B-AA09-D86C4811D4EC} = {64064E37-052B-3F0B-AA09-D86C4811D4EC}
		{ECA8EBDE-4327-3BB6-B31D-8A08593A8761} = {ECA8EBDE-4327-3BB6-B31D-8A08593A8761}
		{E243E185-AACF-3061-90F5-38EC99DA0BE4} = {E243E185-AACF-3061-90F5-38EC99DA0BE4}
		{5A471903-FB31-3164-AFED-32FD755E1348} = {5A471903-FB31-3164-AFED-32FD755E1348}
		{E179B797-7037-3E34-96CA-6B097A3D2E99} = {E179B797-7037-3E34-96CA-6B097A3D2E99}
	EndProjectSection
EndProject
Project("{8BC9CEB8-8B4A-11D0-8D11-00A0C91BC942}") = "Fusion", "3rdparty\Fusion\Fusion\Fusion.vcxproj", "{415BD7A1-9BF8-3871-B61C-F18A3171AF81}"
	ProjectSection(ProjectDependencies) = postProject
		{2371A0E6-B378-36C8-B00E-7813230DF23D} = {2371A0E6-B378-36C8-B00E-7813230DF23D}
	EndProjectSection
EndProject
Project("{8BC9CEB8-8B4A-11D0-8D11-00A0C91BC942}") = "INSTALL", "INSTALL.vcxproj", "{B529A607-1F27-32D1-AA23-DF881D61087A}"
	ProjectSection(ProjectDependencies) = postProject
		{C77CC514-E5D9-370F-B8D3-9F6DFA2D1454} = {C77CC514-E5D9-370F-B8D3-9F6DFA2D1454}
		{2371A0E6-B378-36C8-B00E-7813230DF23D} = {2371A0E6-B378-36C8-B00E-7813230DF23D}
	EndProjectSection
EndProject
Project("{8BC9CEB8-8B4A-11D0-8D11-00A0C91BC942}") = "PACKAGE", "PACKAGE.vcxproj", "{371A01BF-4A3A-3B65-BD31-702ADACED927}"
	ProjectSection(ProjectDependencies) = postProject
		{C77CC514-E5D9-370F-B8D3-9F6DFA2D1454} = {C77CC514-E5D9-370F-B8D3-9F6DFA2D1454}
		{2371A0E6-B378-36C8-B00E-7813230DF23D} = {2371A0E6-B378-36C8-B00E-7813230DF23D}
	EndProjectSection
EndProject
Project("{8BC9CEB8-8B4A-11D0-8D11-00A0C91BC942}") = "ZERO_CHECK", "ZERO_CHECK.vcxproj", "{2371A0E6-B378-36C8-B00E-7813230DF23D}"
	ProjectSection(ProjectDependencies) = postProject
	EndProjectSection
EndProject
Project("{8BC9CEB8-8B4A-11D0-8D11-00A0C91BC942}") = "core", "core\core.vcxproj", "{C4FB08C6-0E18-3EFE-8E81-1499E892600B}"
	ProjectSection(ProjectDependencies) = postProject
		{2371A0E6-B378-36C8-B00E-7813230DF23D} = {2371A0E6-B378-36C8-B00E-7813230DF23D}
		{6ADAA227-421C-3F43-95C1-31337BC713E3} = {6ADAA227-421C-3F43-95C1-31337BC713E3}
	EndProjectSection
EndProject
Project("{8BC9CEB8-8B4A-11D0-8D11-00A0C91BC942}") = "core-hd-mapping", "core_hd_mapping\core-hd-mapping.vcxproj", "{B836C70E-D917-307E-AE8D-7C6B9B16596C}"
	ProjectSection(ProjectDependencies) = postProject
		{2371A0E6-B378-36C8-B00E-7813230DF23D} = {2371A0E6-B378-36C8-B00E-7813230DF23D}
		{C4FB08C6-0E18-3EFE-8E81-1499E892600B} = {C4FB08C6-0E18-3EFE-8E81-1499E892600B}
		{6ADAA227-421C-3F43-95C1-31337BC713E3} = {6ADAA227-421C-3F43-95C1-31337BC713E3}
	EndProjectSection
EndProject
Project("{8BC9CEB8-8B4A-11D0-8D11-00A0C91BC942}") = "core_no_gui", "core\core_no_gui.vcxproj", "{B41E2887-FDF1-3BF0-949D-281EEC7180CD}"
	ProjectSection(ProjectDependencies) = postProject
		{2371A0E6-B378-36C8-B00E-7813230DF23D} = {2371A0E6-B378-36C8-B00E-7813230DF23D}
		{6ADAA227-421C-3F43-95C1-31337BC713E3} = {6ADAA227-421C-3F43-95C1-31337BC713E3}
	EndProjectSection
EndProject
Project("{8BC9CEB8-8B4A-11D0-8D11-00A0C91BC942}") = "dist", "3rdparty\LASzip\dist.vcxproj", "{71609C79-9CFC-3AC2-A2B8-0A624CAB7B77}"
	ProjectSection(ProjectDependencies) = postProject
		{2371A0E6-B378-36C8-B00E-7813230DF23D} = {2371A0E6-B378-36C8-B00E-7813230DF23D}
	EndProjectSection
EndProject
Project("{8BC9CEB8-8B4A-11D0-8D11-00A0C91BC942}") = "freeglut", "3rdparty\freeglut\freeglut.vcxproj", "{8A2CE237-1BDA-35BE-B079-523AB73EA84F}"
	ProjectSection(ProjectDependencies) = postProject
		{2371A0E6-B378-36C8-B00E-7813230DF23D} = {2371A0E6-B378-36C8-B00E-7813230DF23D}
	EndProjectSection
EndProject
Project("{8BC9CEB8-8B4A-11D0-8D11-00A0C91BC942}") = "freeglut_static", "3rdparty\freeglut\freeglut_static.vcxproj", "{2498DAB8-E926-3045-B5A7-5B55E1415011}"
	ProjectSection(ProjectDependencies) = postProject
		{2371A0E6-B378-36C8-B00E-7813230DF23D} = {2371A0E6-B378-36C8-B00E-7813230DF23D}
	EndProjectSection
EndProject
Project("{8BC9CEB8-8B4A-11D0-8D11-00A0C91BC942}") = "hd_mapper", "apps\hd_mapper\hd_mapper.vcxproj", "{46DDA5D8-6B4F-37FE-9661-69E3C0D3F30D}"
	ProjectSection(ProjectDependencies) = postProject
		{2371A0E6-B378-36C8-B00E-7813230DF23D} = {2371A0E6-B378-36C8-B00E-7813230DF23D}
		{C4FB08C6-0E18-3EFE-8E81-1499E892600B} = {C4FB08C6-0E18-3EFE-8E81-1499E892600B}
		{B836C70E-D917-307E-AE8D-7C6B9B16596C} = {B836C70E-D917-307E-AE8D-7C6B9B16596C}
		{8A2CE237-1BDA-35BE-B079-523AB73EA84F} = {8A2CE237-1BDA-35BE-B079-523AB73EA84F}
		{D102AAB8-87A6-3AE8-9061-61B14E7E6099} = {D102AAB8-87A6-3AE8-9061-61B14E7E6099}
		{520DBB8A-2FAF-3F48-AACC-6AAFC4A7BA8B} = {520DBB8A-2FAF-3F48-AACC-6AAFC4A7BA8B}
		{09A94B9B-6985-3110-8CDA-750082E3812A} = {09A94B9B-6985-3110-8CDA-750082E3812A}
		{6ADAA227-421C-3F43-95C1-31337BC713E3} = {6ADAA227-421C-3F43-95C1-31337BC713E3}
	EndProjectSection
EndProject
Project("{8BC9CEB8-8B4A-11D0-8D11-00A0C91BC942}") = "imgui", "imgui.vcxproj", "{D102AAB8-87A6-3AE8-9061-61B14E7E6099}"
	ProjectSection(ProjectDependencies) = postProject
		{2371A0E6-B378-36C8-B00E-7813230DF23D} = {2371A0E6-B378-36C8-B00E-7813230DF23D}
	EndProjectSection
EndProject
Project("{8BC9CEB8-8B4A-11D0-8D11-00A0C91BC942}") = "imguizmo", "imguizmo.vcxproj", "{520DBB8A-2FAF-3F48-AACC-6AAFC4A7BA8B}"
	ProjectSection(ProjectDependencies) = postProject
		{2371A0E6-B378-36C8-B00E-7813230DF23D} = {2371A0E6-B378-36C8-B00E-7813230DF23D}
	EndProjectSection
EndProject
Project("{8BC9CEB8-8B4A-11D0-8D11-00A0C91BC942}") = "implot", "implot.vcxproj", "{09A94B9B-6985-3110-8CDA-750082E3812A}"
	ProjectSection(ProjectDependencies) = postProject
		{2371A0E6-B378-36C8-B00E-7813230DF23D} = {2371A0E6-B378-36C8-B00E-7813230DF23D}
	EndProjectSection
EndProject
Project("{8BC9CEB8-8B4A-11D0-8D11-00A0C91BC942}") = "laszip3", "3rdparty\LASzip\src\laszip3.vcxproj", "{6ADAA227-421C-3F43-95C1-31337BC713E3}"
	ProjectSection(ProjectDependencies) = postProject
		{2371A0E6-B378-36C8-B00E-7813230DF23D} = {2371A0E6-B378-36C8-B00E-7813230DF23D}
	EndProjectSection
EndProject
Project("{8BC9CEB8-8B4A-11D0-8D11-00A0C91BC942}") = "laszip_api3", "3rdparty\LASzip\dll\laszip_api3.vcxproj", "{CFE2FD33-5EAF-31AA-A6F2-CB86B0E754FD}"
	ProjectSection(ProjectDependencies) = postProject
		{2371A0E6-B378-36C8-B00E-7813230DF23D} = {2371A0E6-B378-36C8-B00E-7813230DF23D}
	EndProjectSection
EndProject
Project("{8BC9CEB8-8B4A-11D0-8D11-00A0C91BC942}") = "lidar_odometry_step_1", "apps\lidar_odometry_step_1\lidar_odometry_step_1.vcxproj", "{0CF133F1-622E-3BDD-854C-9081243CB721}"
	ProjectSection(ProjectDependencies) = postProject
		{415BD7A1-9BF8-3871-B61C-F18A3171AF81} = {415BD7A1-9BF8-3871-B61C-F18A3171AF81}
		{2371A0E6-B378-36C8-B00E-7813230DF23D} = {2371A0E6-B378-36C8-B00E-7813230DF23D}
		{C4FB08C6-0E18-3EFE-8E81-1499E892600B} = {C4FB08C6-0E18-3EFE-8E81-1499E892600B}
		{B836C70E-D917-307E-AE8D-7C6B9B16596C} = {B836C70E-D917-307E-AE8D-7C6B9B16596C}
		{8A2CE237-1BDA-35BE-B079-523AB73EA84F} = {8A2CE237-1BDA-35BE-B079-523AB73EA84F}
		{D102AAB8-87A6-3AE8-9061-61B14E7E6099} = {D102AAB8-87A6-3AE8-9061-61B14E7E6099}
		{520DBB8A-2FAF-3F48-AACC-6AAFC4A7BA8B} = {520DBB8A-2FAF-3F48-AACC-6AAFC4A7BA8B}
		{09A94B9B-6985-3110-8CDA-750082E3812A} = {09A94B9B-6985-3110-8CDA-750082E3812A}
		{6ADAA227-421C-3F43-95C1-31337BC713E3} = {6ADAA227-421C-3F43-95C1-31337BC713E3}
	EndProjectSection
EndProject
Project("{8BC9CEB8-8B4A-11D0-8D11-00A0C91BC942}") = "livox_mid_360_intrinsic_calibration", "apps\livox_mid_360_intrinsic_calibration\livox_mid_360_intrinsic_calibration.vcxproj", "{3BBE0DCF-D39F-35B2-9169-EEB0B9D7B8BD}"
	ProjectSection(ProjectDependencies) = postProject
		{415BD7A1-9BF8-3871-B61C-F18A3171AF81} = {415BD7A1-9BF8-3871-B61C-F18A3171AF81}
		{2371A0E6-B378-36C8-B00E-7813230DF23D} = {2371A0E6-B378-36C8-B00E-7813230DF23D}
		{C4FB08C6-0E18-3EFE-8E81-1499E892600B} = {C4FB08C6-0E18-3EFE-8E81-1499E892600B}
		{B836C70E-D917-307E-AE8D-7C6B9B16596C} = {B836C70E-D917-307E-AE8D-7C6B9B16596C}
		{8A2CE237-1BDA-35BE-B079-523AB73EA84F} = {8A2CE237-1BDA-35BE-B079-523AB73EA84F}
		{D102AAB8-87A6-3AE8-9061-61B14E7E6099} = {D102AAB8-87A6-3AE8-9061-61B14E7E6099}
		{520DBB8A-2FAF-3F48-AACC-6AAFC4A7BA8B} = {520DBB8A-2FAF-3F48-AACC-6AAFC4A7BA8B}
		{09A94B9B-6985-3110-8CDA-750082E3812A} = {09A94B9B-6985-3110-8CDA-750082E3812A}
		{6ADAA227-421C-3F43-95C1-31337BC713E3} = {6ADAA227-421C-3F43-95C1-31337BC713E3}
	EndProjectSection
EndProject
Project("{8BC9CEB8-8B4A-11D0-8D11-00A0C91BC942}") = "mandeye_compare_trajectories", "apps\compare_trajectories\mandeye_compare_trajectories.vcxproj", "{A2FCBA10-8F52-30C2-B077-56B40494880A}"
	ProjectSection(ProjectDependencies) = postProject
		{415BD7A1-9BF8-3871-B61C-F18A3171AF81} = {415BD7A1-9BF8-3871-B61C-F18A3171AF81}
		{2371A0E6-B378-36C8-B00E-7813230DF23D} = {2371A0E6-B378-36C8-B00E-7813230DF23D}
		{C4FB08C6-0E18-3EFE-8E81-1499E892600B} = {C4FB08C6-0E18-3EFE-8E81-1499E892600B}
		{B836C70E-D917-307E-AE8D-7C6B9B16596C} = {B836C70E-D917-307E-AE8D-7C6B9B16596C}
		{8A2CE237-1BDA-35BE-B079-523AB73EA84F} = {8A2CE237-1BDA-35BE-B079-523AB73EA84F}
		{D102AAB8-87A6-3AE8-9061-61B14E7E6099} = {D102AAB8-87A6-3AE8-9061-61B14E7E6099}
		{520DBB8A-2FAF-3F48-AACC-6AAFC4A7BA8B} = {520DBB8A-2FAF-3F48-AACC-6AAFC4A7BA8B}
		{09A94B9B-6985-3110-8CDA-750082E3812A} = {09A94B9B-6985-3110-8CDA-750082E3812A}
		{6ADAA227-421C-3F43-95C1-31337BC713E3} = {6ADAA227-421C-3F43-95C1-31337BC713E3}
		{498DF087-E75B-3EF6-BAB0-5F5B6C92870B} = {498DF087-E75B-3EF6-BAB0-5F5B6C92870B}
	EndProjectSection
EndProject
Project("{8BC9CEB8-8B4A-11D0-8D11-00A0C91BC942}") = "mandeye_mission_recorder_calibration", "apps\mandeye_mission_recorder_calibration\mandeye_mission_recorder_calibration.vcxproj", "{F3198BE4-552D-34C0-9428-4111A8527264}"
	ProjectSection(ProjectDependencies) = postProject
		{415BD7A1-9BF8-3871-B61C-F18A3171AF81} = {415BD7A1-9BF8-3871-B61C-F18A3171AF81}
		{2371A0E6-B378-36C8-B00E-7813230DF23D} = {2371A0E6-B378-36C8-B00E-7813230DF23D}
		{C4FB08C6-0E18-3EFE-8E81-1499E892600B} = {C4FB08C6-0E18-3EFE-8E81-1499E892600B}
		{B836C70E-D917-307E-AE8D-7C6B9B16596C} = {B836C70E-D917-307E-AE8D-7C6B9B16596C}
		{8A2CE237-1BDA-35BE-B079-523AB73EA84F} = {8A2CE237-1BDA-35BE-B079-523AB73EA84F}
		{D102AAB8-87A6-3AE8-9061-61B14E7E6099} = {D102AAB8-87A6-3AE8-9061-61B14E7E6099}
		{520DBB8A-2FAF-3F48-AACC-6AAFC4A7BA8B} = {520DBB8A-2FAF-3F48-AACC-6AAFC4A7BA8B}
		{09A94B9B-6985-3110-8CDA-750082E3812A} = {09A94B9B-6985-3110-8CDA-750082E3812A}
		{6ADAA227-421C-3F43-95C1-31337BC713E3} = {6ADAA227-421C-3F43-95C1-31337BC713E3}
	EndProjectSection
EndProject
Project("{8BC9CEB8-8B4A-11D0-8D11-00A0C91BC942}") = "mandeye_raw_data_viewer", "apps\mandeye_raw_data_viewer\mandeye_raw_data_viewer.vcxproj", "{498DF087-E75B-3EF6-BAB0-5F5B6C92870B}"
	ProjectSection(ProjectDependencies) = postProject
		{415BD7A1-9BF8-3871-B61C-F18A3171AF81} = {415BD7A1-9BF8-3871-B61C-F18A3171AF81}
		{2371A0E6-B378-36C8-B00E-7813230DF23D} = {2371A0E6-B378-36C8-B00E-7813230DF23D}
		{C4FB08C6-0E18-3EFE-8E81-1499E892600B} = {C4FB08C6-0E18-3EFE-8E81-1499E892600B}
		{B836C70E-D917-307E-AE8D-7C6B9B16596C} = {B836C70E-D917-307E-AE8D-7C6B9B16596C}
		{8A2CE237-1BDA-35BE-B079-523AB73EA84F} = {8A2CE237-1BDA-35BE-B079-523AB73EA84F}
		{D102AAB8-87A6-3AE8-9061-61B14E7E6099} = {D102AAB8-87A6-3AE8-9061-61B14E7E6099}
		{520DBB8A-2FAF-3F48-AACC-6AAFC4A7BA8B} = {520DBB8A-2FAF-3F48-AACC-6AAFC4A7BA8B}
		{09A94B9B-6985-3110-8CDA-750082E3812A} = {09A94B9B-6985-3110-8CDA-750082E3812A}
		{6ADAA227-421C-3F43-95C1-31337BC713E3} = {6ADAA227-421C-3F43-95C1-31337BC713E3}
	EndProjectSection
EndProject
Project("{8BC9CEB8-8B4A-11D0-8D11-00A0C91BC942}") = "mandeye_single_session_viewer", "apps\mandeye_single_session_viewer\mandeye_single_session_viewer.vcxproj", "{DDEB2BD0-019A-34F5-8E09-E0EB21591C19}"
	ProjectSection(ProjectDependencies) = postProject
		{415BD7A1-9BF8-3871-B61C-F18A3171AF81} = {415BD7A1-9BF8-3871-B61C-F18A3171AF81}
		{2371A0E6-B378-36C8-B00E-7813230DF23D} = {2371A0E6-B378-36C8-B00E-7813230DF23D}
		{C4FB08C6-0E18-3EFE-8E81-1499E892600B} = {C4FB08C6-0E18-3EFE-8E81-1499E892600B}
		{B836C70E-D917-307E-AE8D-7C6B9B16596C} = {B836C70E-D917-307E-AE8D-7C6B9B16596C}
		{8A2CE237-1BDA-35BE-B079-523AB73EA84F} = {8A2CE237-1BDA-35BE-B079-523AB73EA84F}
		{D102AAB8-87A6-3AE8-9061-61B14E7E6099} = {D102AAB8-87A6-3AE8-9061-61B14E7E6099}
		{520DBB8A-2FAF-3F48-AACC-6AAFC4A7BA8B} = {520DBB8A-2FAF-3F48-AACC-6AAFC4A7BA8B}
		{09A94B9B-6985-3110-8CDA-750082E3812A} = {09A94B9B-6985-3110-8CDA-750082E3812A}
		{6ADAA227-421C-3F43-95C1-31337BC713E3} = {6ADAA227-421C-3F43-95C1-31337BC713E3}
	EndProjectSection
EndProject
Project("{8BC9CEB8-8B4A-11D0-8D11-00A0C91BC942}") = "mandeye_with_360_camera_manual_coloring", "apps\manual_color\mandeye_with_360_camera_manual_coloring.vcxproj", "{63F8DDDF-BB64-3269-83D6-DDFC99384DF5}"
	ProjectSection(ProjectDependencies) = postProject
		{2371A0E6-B378-36C8-B00E-7813230DF23D} = {2371A0E6-B378-36C8-B00E-7813230DF23D}
		{C4FB08C6-0E18-3EFE-8E81-1499E892600B} = {C4FB08C6-0E18-3EFE-8E81-1499E892600B}
		{B836C70E-D917-307E-AE8D-7C6B9B16596C} = {B836C70E-D917-307E-AE8D-7C6B9B16596C}
		{8A2CE237-1BDA-35BE-B079-523AB73EA84F} = {8A2CE237-1BDA-35BE-B079-523AB73EA84F}
		{D102AAB8-87A6-3AE8-9061-61B14E7E6099} = {D102AAB8-87A6-3AE8-9061-61B14E7E6099}
		{520DBB8A-2FAF-3F48-AACC-6AAFC4A7BA8B} = {520DBB8A-2FAF-3F48-AACC-6AAFC4A7BA8B}
		{09A94B9B-6985-3110-8CDA-750082E3812A} = {09A94B9B-6985-3110-8CDA-750082E3812A}
		{6ADAA227-421C-3F43-95C1-31337BC713E3} = {6ADAA227-421C-3F43-95C1-31337BC713E3}
	EndProjectSection
EndProject
Project("{8BC9CEB8-8B4A-11D0-8D11-00A0C91BC942}") = "matrix_mul", "apps\matrix_mul\matrix_mul.vcxproj", "{F8A97192-574F-3935-B063-50D1EDBA7E9F}"
	ProjectSection(ProjectDependencies) = postProject
		{2371A0E6-B378-36C8-B00E-7813230DF23D} = {2371A0E6-B378-36C8-B00E-7813230DF23D}
	EndProjectSection
EndProject
Project("{8BC9CEB8-8B4A-11D0-8D11-00A0C91BC942}") = "multi_session_registration_step_3", "apps\multi_session_registration\multi_session_registration_step_3.vcxproj", "{D865ACB5-651E-383C-B189-FA8B02659AB6}"
	ProjectSection(ProjectDependencies) = postProject
		{2371A0E6-B378-36C8-B00E-7813230DF23D} = {2371A0E6-B378-36C8-B00E-7813230DF23D}
		{C4FB08C6-0E18-3EFE-8E81-1499E892600B} = {C4FB08C6-0E18-3EFE-8E81-1499E892600B}
		{B836C70E-D917-307E-AE8D-7C6B9B16596C} = {B836C70E-D917-307E-AE8D-7C6B9B16596C}
		{8A2CE237-1BDA-35BE-B079-523AB73EA84F} = {8A2CE237-1BDA-35BE-B079-523AB73EA84F}
		{D102AAB8-87A6-3AE8-9061-61B14E7E6099} = {D102AAB8-87A6-3AE8-9061-61B14E7E6099}
		{520DBB8A-2FAF-3F48-AACC-6AAFC4A7BA8B} = {520DBB8A-2FAF-3F48-AACC-6AAFC4A7BA8B}
		{09A94B9B-6985-3110-8CDA-750082E3812A} = {09A94B9B-6985-3110-8CDA-750082E3812A}
		{6ADAA227-421C-3F43-95C1-31337BC713E3} = {6ADAA227-421C-3F43-95C1-31337BC713E3}
	EndProjectSection
EndProject
Project("{8BC9CEB8-8B4A-11D0-8D11-00A0C91BC942}") = "multi_view_tls_registration_step_2", "apps\multi_view_tls_registration\multi_view_tls_registration_step_2.vcxproj", "{64064E37-052B-3F0B-AA09-D86C4811D4EC}"
	ProjectSection(ProjectDependencies) = postProject
		{2371A0E6-B378-36C8-B00E-7813230DF23D} = {2371A0E6-B378-36C8-B00E-7813230DF23D}
		{C4FB08C6-0E18-3EFE-8E81-1499E892600B} = {C4FB08C6-0E18-3EFE-8E81-1499E892600B}
		{B836C70E-D917-307E-AE8D-7C6B9B16596C} = {B836C70E-D917-307E-AE8D-7C6B9B16596C}
		{8A2CE237-1BDA-35BE-B079-523AB73EA84F} = {8A2CE237-1BDA-35BE-B079-523AB73EA84F}
		{D102AAB8-87A6-3AE8-9061-61B14E7E6099} = {D102AAB8-87A6-3AE8-9061-61B14E7E6099}
		{520DBB8A-2FAF-3F48-AACC-6AAFC4A7BA8B} = {520DBB8A-2FAF-3F48-AACC-6AAFC4A7BA8B}
		{09A94B9B-6985-3110-8CDA-750082E3812A} = {09A94B9B-6985-3110-8CDA-750082E3812A}
		{6ADAA227-421C-3F43-95C1-31337BC713E3} = {6ADAA227-421C-3F43-95C1-31337BC713E3}
	EndProjectSection
EndProject
Project("{8BC9CEB8-8B4A-11D0-8D11-00A0C91BC942}") = "precision_forestry_tools", "apps\precision_forestry_tools\precision_forestry_tools.vcxproj", "{ECA8EBDE-4327-3BB6-B31D-8A08593A8761}"
	ProjectSection(ProjectDependencies) = postProject
		{2371A0E6-B378-36C8-B00E-7813230DF23D} = {2371A0E6-B378-36C8-B00E-7813230DF23D}
		{C4FB08C6-0E18-3EFE-8E81-1499E892600B} = {C4FB08C6-0E18-3EFE-8E81-1499E892600B}
		{B836C70E-D917-307E-AE8D-7C6B9B16596C} = {B836C70E-D917-307E-AE8D-7C6B9B16596C}
		{8A2CE237-1BDA-35BE-B079-523AB73EA84F} = {8A2CE237-1BDA-35BE-B079-523AB73EA84F}
		{D102AAB8-87A6-3AE8-9061-61B14E7E6099} = {D102AAB8-87A6-3AE8-9061-61B14E7E6099}
		{520DBB8A-2FAF-3F48-AACC-6AAFC4A7BA8B} = {520DBB8A-2FAF-3F48-AACC-6AAFC4A7BA8B}
		{09A94B9B-6985-3110-8CDA-750082E3812A} = {09A94B9B-6985-3110-8CDA-750082E3812A}
		{6ADAA227-421C-3F43-95C1-31337BC713E3} = {6ADAA227-421C-3F43-95C1-31337BC713E3}
	EndProjectSection
EndProject
Project("{8BC9CEB8-8B4A-11D0-8D11-00A0C91BC942}") = "quick_start_demo", "apps\quick_start_demo\quick_start_demo.vcxproj", "{E243E185-AACF-3061-90F5-38EC99DA0BE4}"
	ProjectSection(ProjectDependencies) = postProject
		{415BD7A1-9BF8-3871-B61C-F18A3171AF81} = {415BD7A1-9BF8-3871-B61C-F18A3171AF81}
		{2371A0E6-B378-36C8-B00E-7813230DF23D} = {2371A0E6-B378-36C8-B00E-7813230DF23D}
		{C4FB08C6-0E18-3EFE-8E81-1499E892600B} = {C4FB08C6-0E18-3EFE-8E81-1499E892600B}
		{B836C70E-D917-307E-AE8D-7C6B9B16596C} = {B836C70E-D917-307E-AE8D-7C6B9B16596C}
		{8A2CE237-1BDA-35BE-B079-523AB73EA84F} = {8A2CE237-1BDA-35BE-B079-523AB73EA84F}
		{D102AAB8-87A6-3AE8-9061-61B14E7E6099} = {D102AAB8-87A6-3AE8-9061-61B14E7E6099}
		{520DBB8A-2FAF-3F48-AACC-6AAFC4A7BA8B} = {520DBB8A-2FAF-3F48-AACC-6AAFC4A7BA8B}
		{09A94B9B-6985-3110-8CDA-750082E3812A} = {09A94B9B-6985-3110-8CDA-750082E3812A}
		{6ADAA227-421C-3F43-95C1-31337BC713E3} = {6ADAA227-421C-3F43-95C1-31337BC713E3}
	EndProjectSection
EndProject
Project("{8BC9CEB8-8B4A-11D0-8D11-00A0C91BC942}") = "single_session_manual_coloring", "apps\single_session_manual_coloring\single_session_manual_coloring.vcxproj", "{5A471903-FB31-3164-AFED-32FD755E1348}"
	ProjectSection(ProjectDependencies) = postProject
		{2371A0E6-B378-36C8-B00E-7813230DF23D} = {2371A0E6-B378-36C8-B00E-7813230DF23D}
		{C4FB08C6-0E18-3EFE-8E81-1499E892600B} = {C4FB08C6-0E18-3EFE-8E81-1499E892600B}
		{B836C70E-D917-307E-AE8D-7C6B9B16596C} = {B836C70E-D917-307E-AE8D-7C6B9B16596C}
		{8A2CE237-1BDA-35BE-B079-523AB73EA84F} = {8A2CE237-1BDA-35BE-B079-523AB73EA84F}
		{D102AAB8-87A6-3AE8-9061-61B14E7E6099} = {D102AAB8-87A6-3AE8-9061-61B14E7E6099}
		{520DBB8A-2FAF-3F48-AACC-6AAFC4A7BA8B} = {520DBB8A-2FAF-3F48-AACC-6AAFC4A7BA8B}
		{09A94B9B-6985-3110-8CDA-750082E3812A} = {09A94B9B-6985-3110-8CDA-750082E3812A}
		{6ADAA227-421C-3F43-95C1-31337BC713E3} = {6ADAA227-421C-3F43-95C1-31337BC713E3}
	EndProjectSection
EndProject
Project("{8BC9CEB8-8B4A-11D0-8D11-00A0C91BC942}") = "split_multi_livox", "apps\split_multi_livox\split_multi_livox.vcxproj", "{E179B797-7037-3E34-96CA-6B097A3D2E99}"
	ProjectSection(ProjectDependencies) = postProject
		{2371A0E6-B378-36C8-B00E-7813230DF23D} = {2371A0E6-B378-36C8-B00E-7813230DF23D}
		{C4FB08C6-0E18-3EFE-8E81-1499E892600B} = {C4FB08C6-0E18-3EFE-8E81-1499E892600B}
		{6ADAA227-421C-3F43-95C1-31337BC713E3} = {6ADAA227-421C-3F43-95C1-31337BC713E3}
	EndProjectSection
EndProject
Project("{8BC9CEB8-8B4A-11D0-8D11-00A0C91BC942}") = "uninstall", "3rdparty\eigen\uninstall.vcxproj", "{9C5A52DA-D6D6-383B-8A0F-44E7C00DB596}"
	ProjectSection(ProjectDependencies) = postProject
		{2371A0E6-B378-36C8-B00E-7813230DF23D} = {2371A0E6-B378-36C8-B00E-7813230DF23D}
	EndProjectSection
EndProject
Global
	GlobalSection(SolutionConfigurationPlatforms) = preSolution
		Debug|x64 = Debug|x64
		Release|x64 = Release|x64
		MinSizeRel|x64 = MinSizeRel|x64
		RelWithDebInfo|x64 = RelWithDebInfo|x64
	EndGlobalSection
	GlobalSection(ProjectConfigurationPlatforms) = postSolution
		{C77CC514-E5D9-370F-B8D3-9F6DFA2D1454}.Debug|x64.ActiveCfg = Debug|x64
		{C77CC514-E5D9-370F-B8D3-9F6DFA2D1454}.Debug|x64.Build.0 = Debug|x64
		{C77CC514-E5D9-370F-B8D3-9F6DFA2D1454}.Release|x64.ActiveCfg = Release|x64
		{C77CC514-E5D9-370F-B8D3-9F6DFA2D1454}.Release|x64.Build.0 = Release|x64
		{C77CC514-E5D9-370F-B8D3-9F6DFA2D1454}.MinSizeRel|x64.ActiveCfg = MinSizeRel|x64
		{C77CC514-E5D9-370F-B8D3-9F6DFA2D1454}.MinSizeRel|x64.Build.0 = MinSizeRel|x64
		{C77CC514-E5D9-370F-B8D3-9F6DFA2D1454}.RelWithDebInfo|x64.ActiveCfg = RelWithDebInfo|x64
		{C77CC514-E5D9-370F-B8D3-9F6DFA2D1454}.RelWithDebInfo|x64.Build.0 = RelWithDebInfo|x64
		{415BD7A1-9BF8-3871-B61C-F18A3171AF81}.Debug|x64.ActiveCfg = Debug|x64
		{415BD7A1-9BF8-3871-B61C-F18A3171AF81}.Debug|x64.Build.0 = Debug|x64
		{415BD7A1-9BF8-3871-B61C-F18A3171AF81}.Release|x64.ActiveCfg = Release|x64
		{415BD7A1-9BF8-3871-B61C-F18A3171AF81}.Release|x64.Build.0 = Release|x64
		{415BD7A1-9BF8-3871-B61C-F18A3171AF81}.MinSizeRel|x64.ActiveCfg = MinSizeRel|x64
		{415BD7A1-9BF8-3871-B61C-F18A3171AF81}.MinSizeRel|x64.Build.0 = MinSizeRel|x64
		{415BD7A1-9BF8-3871-B61C-F18A3171AF81}.RelWithDebInfo|x64.ActiveCfg = RelWithDebInfo|x64
		{415BD7A1-9BF8-3871-B61C-F18A3171AF81}.RelWithDebInfo|x64.Build.0 = RelWithDebInfo|x64
		{B529A607-1F27-32D1-AA23-DF881D61087A}.Debug|x64.ActiveCfg = Debug|x64
		{B529A607-1F27-32D1-AA23-DF881D61087A}.Release|x64.ActiveCfg = Release|x64
		{B529A607-1F27-32D1-AA23-DF881D61087A}.MinSizeRel|x64.ActiveCfg = MinSizeRel|x64
		{B529A607-1F27-32D1-AA23-DF881D61087A}.RelWithDebInfo|x64.ActiveCfg = RelWithDebInfo|x64
		{371A01BF-4A3A-3B65-BD31-702ADACED927}.Debug|x64.ActiveCfg = Debug|x64
		{371A01BF-4A3A-3B65-BD31-702ADACED927}.Release|x64.ActiveCfg = Release|x64
		{371A01BF-4A3A-3B65-BD31-702ADACED927}.MinSizeRel|x64.ActiveCfg = MinSizeRel|x64
		{371A01BF-4A3A-3B65-BD31-702ADACED927}.RelWithDebInfo|x64.ActiveCfg = RelWithDebInfo|x64
		{2371A0E6-B378-36C8-B00E-7813230DF23D}.Debug|x64.ActiveCfg = Debug|x64
		{2371A0E6-B378-36C8-B00E-7813230DF23D}.Debug|x64.Build.0 = Debug|x64
		{2371A0E6-B378-36C8-B00E-7813230DF23D}.Release|x64.ActiveCfg = Release|x64
		{2371A0E6-B378-36C8-B00E-7813230DF23D}.Release|x64.Build.0 = Release|x64
		{2371A0E6-B378-36C8-B00E-7813230DF23D}.MinSizeRel|x64.ActiveCfg = MinSizeRel|x64
		{2371A0E6-B378-36C8-B00E-7813230DF23D}.MinSizeRel|x64.Build.0 = MinSizeRel|x64
		{2371A0E6-B378-36C8-B00E-7813230DF23D}.RelWithDebInfo|x64.ActiveCfg = RelWithDebInfo|x64
		{2371A0E6-B378-36C8-B00E-7813230DF23D}.RelWithDebInfo|x64.Build.0 = RelWithDebInfo|x64
		{C4FB08C6-0E18-3EFE-8E81-1499E892600B}.Debug|x64.ActiveCfg = Debug|x64
		{C4FB08C6-0E18-3EFE-8E81-1499E892600B}.Debug|x64.Build.0 = Debug|x64
		{C4FB08C6-0E18-3EFE-8E81-1499E892600B}.Release|x64.ActiveCfg = Release|x64
		{C4FB08C6-0E18-3EFE-8E81-1499E892600B}.Release|x64.Build.0 = Release|x64
		{C4FB08C6-0E18-3EFE-8E81-1499E892600B}.MinSizeRel|x64.ActiveCfg = MinSizeRel|x64
		{C4FB08C6-0E18-3EFE-8E81-1499E892600B}.MinSizeRel|x64.Build.0 = MinSizeRel|x64
		{C4FB08C6-0E18-3EFE-8E81-1499E892600B}.RelWithDebInfo|x64.ActiveCfg = RelWithDebInfo|x64
		{C4FB08C6-0E18-3EFE-8E81-1499E892600B}.RelWithDebInfo|x64.Build.0 = RelWithDebInfo|x64
		{B836C70E-D917-307E-AE8D-7C6B9B16596C}.Debug|x64.ActiveCfg = Debug|x64
		{B836C70E-D917-307E-AE8D-7C6B9B16596C}.Debug|x64.Build.0 = Debug|x64
		{B836C70E-D917-307E-AE8D-7C6B9B16596C}.Release|x64.ActiveCfg = Release|x64
		{B836C70E-D917-307E-AE8D-7C6B9B16596C}.Release|x64.Build.0 = Release|x64
		{B836C70E-D917-307E-AE8D-7C6B9B16596C}.MinSizeRel|x64.ActiveCfg = MinSizeRel|x64
		{B836C70E-D917-307E-AE8D-7C6B9B16596C}.MinSizeRel|x64.Build.0 = MinSizeRel|x64
		{B836C70E-D917-307E-AE8D-7C6B9B16596C}.RelWithDebInfo|x64.ActiveCfg = RelWithDebInfo|x64
		{B836C70E-D917-307E-AE8D-7C6B9B16596C}.RelWithDebInfo|x64.Build.0 = RelWithDebInfo|x64
		{B41E2887-FDF1-3BF0-949D-281EEC7180CD}.Debug|x64.ActiveCfg = Debug|x64
		{B41E2887-FDF1-3BF0-949D-281EEC7180CD}.Debug|x64.Build.0 = Debug|x64
		{B41E2887-FDF1-3BF0-949D-281EEC7180CD}.Release|x64.ActiveCfg = Release|x64
		{B41E2887-FDF1-3BF0-949D-281EEC7180CD}.Release|x64.Build.0 = Release|x64
		{B41E2887-FDF1-3BF0-949D-281EEC7180CD}.MinSizeRel|x64.ActiveCfg = MinSizeRel|x64
		{B41E2887-FDF1-3BF0-949D-281EEC7180CD}.MinSizeRel|x64.Build.0 = MinSizeRel|x64
		{B41E2887-FDF1-3BF0-949D-281EEC7180CD}.RelWithDebInfo|x64.ActiveCfg = RelWithDebInfo|x64
		{B41E2887-FDF1-3BF0-949D-281EEC7180CD}.RelWithDebInfo|x64.Build.0 = RelWithDebInfo|x64
		{71609C79-9CFC-3AC2-A2B8-0A624CAB7B77}.Debug|x64.ActiveCfg = Debug|x64
		{71609C79-9CFC-3AC2-A2B8-0A624CAB7B77}.Release|x64.ActiveCfg = Release|x64
		{71609C79-9CFC-3AC2-A2B8-0A624CAB7B77}.MinSizeRel|x64.ActiveCfg = MinSizeRel|x64
		{71609C79-9CFC-3AC2-A2B8-0A624CAB7B77}.RelWithDebInfo|x64.ActiveCfg = RelWithDebInfo|x64
		{8A2CE237-1BDA-35BE-B079-523AB73EA84F}.Debug|x64.ActiveCfg = Debug|x64
		{8A2CE237-1BDA-35BE-B079-523AB73EA84F}.Debug|x64.Build.0 = Debug|x64
		{8A2CE237-1BDA-35BE-B079-523AB73EA84F}.Release|x64.ActiveCfg = Release|x64
		{8A2CE237-1BDA-35BE-B079-523AB73EA84F}.Release|x64.Build.0 = Release|x64
		{8A2CE237-1BDA-35BE-B079-523AB73EA84F}.MinSizeRel|x64.ActiveCfg = MinSizeRel|x64
		{8A2CE237-1BDA-35BE-B079-523AB73EA84F}.MinSizeRel|x64.Build.0 = MinSizeRel|x64
		{8A2CE237-1BDA-35BE-B079-523AB73EA84F}.RelWithDebInfo|x64.ActiveCfg = RelWithDebInfo|x64
		{8A2CE237-1BDA-35BE-B079-523AB73EA84F}.RelWithDebInfo|x64.Build.0 = RelWithDebInfo|x64
		{2498DAB8-E926-3045-B5A7-5B55E1415011}.Debug|x64.ActiveCfg = Debug|x64
		{2498DAB8-E926-3045-B5A7-5B55E1415011}.Debug|x64.Build.0 = Debug|x64
		{2498DAB8-E926-3045-B5A7-5B55E1415011}.Release|x64.ActiveCfg = Release|x64
		{2498DAB8-E926-3045-B5A7-5B55E1415011}.Release|x64.Build.0 = Release|x64
		{2498DAB8-E926-3045-B5A7-5B55E1415011}.MinSizeRel|x64.ActiveCfg = MinSizeRel|x64
		{2498DAB8-E926-3045-B5A7-5B55E1415011}.MinSizeRel|x64.Build.0 = MinSizeRel|x64
		{2498DAB8-E926-3045-B5A7-5B55E1415011}.RelWithDebInfo|x64.ActiveCfg = RelWithDebInfo|x64
		{2498DAB8-E926-3045-B5A7-5B55E1415011}.RelWithDebInfo|x64.Build.0 = RelWithDebInfo|x64
		{46DDA5D8-6B4F-37FE-9661-69E3C0D3F30D}.Debug|x64.ActiveCfg = Debug|x64
		{46DDA5D8-6B4F-37FE-9661-69E3C0D3F30D}.Debug|x64.Build.0 = Debug|x64
		{46DDA5D8-6B4F-37FE-9661-69E3C0D3F30D}.Release|x64.ActiveCfg = Release|x64
		{46DDA5D8-6B4F-37FE-9661-69E3C0D3F30D}.Release|x64.Build.0 = Release|x64
		{46DDA5D8-6B4F-37FE-9661-69E3C0D3F30D}.MinSizeRel|x64.ActiveCfg = MinSizeRel|x64
		{46DDA5D8-6B4F-37FE-9661-69E3C0D3F30D}.MinSizeRel|x64.Build.0 = MinSizeRel|x64
		{46DDA5D8-6B4F-37FE-9661-69E3C0D3F30D}.RelWithDebInfo|x64.ActiveCfg = RelWithDebInfo|x64
		{46DDA5D8-6B4F-37FE-9661-69E3C0D3F30D}.RelWithDebInfo|x64.Build.0 = RelWithDebInfo|x64
		{D102AAB8-87A6-3AE8-9061-61B14E7E6099}.Debug|x64.ActiveCfg = Debug|x64
		{D102AAB8-87A6-3AE8-9061-61B14E7E6099}.Debug|x64.Build.0 = Debug|x64
		{D102AAB8-87A6-3AE8-9061-61B14E7E6099}.Release|x64.ActiveCfg = Release|x64
		{D102AAB8-87A6-3AE8-9061-61B14E7E6099}.Release|x64.Build.0 = Release|x64
		{D102AAB8-87A6-3AE8-9061-61B14E7E6099}.MinSizeRel|x64.ActiveCfg = MinSizeRel|x64
		{D102AAB8-87A6-3AE8-9061-61B14E7E6099}.MinSizeRel|x64.Build.0 = MinSizeRel|x64
		{D102AAB8-87A6-3AE8-9061-61B14E7E6099}.RelWithDebInfo|x64.ActiveCfg = RelWithDebInfo|x64
		{D102AAB8-87A6-3AE8-9061-61B14E7E6099}.RelWithDebInfo|x64.Build.0 = RelWithDebInfo|x64
		{520DBB8A-2FAF-3F48-AACC-6AAFC4A7BA8B}.Debug|x64.ActiveCfg = Debug|x64
		{520DBB8A-2FAF-3F48-AACC-6AAFC4A7BA8B}.Debug|x64.Build.0 = Debug|x64
		{520DBB8A-2FAF-3F48-AACC-6AAFC4A7BA8B}.Release|x64.ActiveCfg = Release|x64
		{520DBB8A-2FAF-3F48-AACC-6AAFC4A7BA8B}.Release|x64.Build.0 = Release|x64
		{520DBB8A-2FAF-3F48-AACC-6AAFC4A7BA8B}.MinSizeRel|x64.ActiveCfg = MinSizeRel|x64
		{520DBB8A-2FAF-3F48-AACC-6AAFC4A7BA8B}.MinSizeRel|x64.Build.0 = MinSizeRel|x64
		{520DBB8A-2FAF-3F48-AACC-6AAFC4A7BA8B}.RelWithDebInfo|x64.ActiveCfg = RelWithDebInfo|x64
		{520DBB8A-2FAF-3F48-AACC-6AAFC4A7BA8B}.RelWithDebInfo|x64.Build.0 = RelWithDebInfo|x64
		{09A94B9B-6985-3110-8CDA-750082E3812A}.Debug|x64.ActiveCfg = Debug|x64
		{09A94B9B-6985-3110-8CDA-750082E3812A}.Debug|x64.Build.0 = Debug|x64
		{09A94B9B-6985-3110-8CDA-750082E3812A}.Release|x64.ActiveCfg = Release|x64
		{09A94B9B-6985-3110-8CDA-750082E3812A}.Release|x64.Build.0 = Release|x64
		{09A94B9B-6985-3110-8CDA-750082E3812A}.MinSizeRel|x64.ActiveCfg = MinSizeRel|x64
		{09A94B9B-6985-3110-8CDA-750082E3812A}.MinSizeRel|x64.Build.0 = MinSizeRel|x64
		{09A94B9B-6985-3110-8CDA-750082E3812A}.RelWithDebInfo|x64.ActiveCfg = RelWithDebInfo|x64
		{09A94B9B-6985-3110-8CDA-750082E3812A}.RelWithDebInfo|x64.Build.0 = RelWithDebInfo|x64
		{6ADAA227-421C-3F43-95C1-31337BC713E3}.Debug|x64.ActiveCfg = Debug|x64
		{6ADAA227-421C-3F43-95C1-31337BC713E3}.Debug|x64.Build.0 = Debug|x64
		{6ADAA227-421C-3F43-95C1-31337BC713E3}.Release|x64.ActiveCfg = Release|x64
		{6ADAA227-421C-3F43-95C1-31337BC713E3}.Release|x64.Build.0 = Release|x64
		{6ADAA227-421C-3F43-95C1-31337BC713E3}.MinSizeRel|x64.ActiveCfg = MinSizeRel|x64
		{6ADAA227-421C-3F43-95C1-31337BC713E3}.MinSizeRel|x64.Build.0 = MinSizeRel|x64
		{6ADAA227-421C-3F43-95C1-31337BC713E3}.RelWithDebInfo|x64.ActiveCfg = RelWithDebInfo|x64
		{6ADAA227-421C-3F43-95C1-31337BC713E3}.RelWithDebInfo|x64.Build.0 = RelWithDebInfo|x64
		{CFE2FD33-5EAF-31AA-A6F2-CB86B0E754FD}.Debug|x64.ActiveCfg = Debug|x64
		{CFE2FD33-5EAF-31AA-A6F2-CB86B0E754FD}.Debug|x64.Build.0 = Debug|x64
		{CFE2FD33-5EAF-31AA-A6F2-CB86B0E754FD}.Release|x64.ActiveCfg = Release|x64
		{CFE2FD33-5EAF-31AA-A6F2-CB86B0E754FD}.Release|x64.Build.0 = Release|x64
		{CFE2FD33-5EAF-31AA-A6F2-CB86B0E754FD}.MinSizeRel|x64.ActiveCfg = MinSizeRel|x64
		{CFE2FD33-5EAF-31AA-A6F2-CB86B0E754FD}.MinSizeRel|x64.Build.0 = MinSizeRel|x64
		{CFE2FD33-5EAF-31AA-A6F2-CB86B0E754FD}.RelWithDebInfo|x64.ActiveCfg = RelWithDebInfo|x64
		{CFE2FD33-5EAF-31AA-A6F2-CB86B0E754FD}.RelWithDebInfo|x64.Build.0 = RelWithDebInfo|x64
		{0CF133F1-622E-3BDD-854C-9081243CB721}.Debug|x64.ActiveCfg = Debug|x64
		{0CF133F1-622E-3BDD-854C-9081243CB721}.Debug|x64.Build.0 = Debug|x64
		{0CF133F1-622E-3BDD-854C-9081243CB721}.Release|x64.ActiveCfg = Release|x64
		{0CF133F1-622E-3BDD-854C-9081243CB721}.Release|x64.Build.0 = Release|x64
		{0CF133F1-622E-3BDD-854C-9081243CB721}.MinSizeRel|x64.ActiveCfg = MinSizeRel|x64
		{0CF133F1-622E-3BDD-854C-9081243CB721}.MinSizeRel|x64.Build.0 = MinSizeRel|x64
		{0CF133F1-622E-3BDD-854C-9081243CB721}.RelWithDebInfo|x64.ActiveCfg = RelWithDebInfo|x64
		{0CF133F1-622E-3BDD-854C-9081243CB721}.RelWithDebInfo|x64.Build.0 = RelWithDebInfo|x64
		{3BBE0DCF-D39F-35B2-9169-EEB0B9D7B8BD}.Debug|x64.ActiveCfg = Debug|x64
		{3BBE0DCF-D39F-35B2-9169-EEB0B9D7B8BD}.Debug|x64.Build.0 = Debug|x64
		{3BBE0DCF-D39F-35B2-9169-EEB0B9D7B8BD}.Release|x64.ActiveCfg = Release|x64
		{3BBE0DCF-D39F-35B2-9169-EEB0B9D7B8BD}.Release|x64.Build.0 = Release|x64
		{3BBE0DCF-D39F-35B2-9169-EEB0B9D7B8BD}.MinSizeRel|x64.ActiveCfg = MinSizeRel|x64
		{3BBE0DCF-D39F-35B2-9169-EEB0B9D7B8BD}.MinSizeRel|x64.Build.0 = MinSizeRel|x64
		{3BBE0DCF-D39F-35B2-9169-EEB0B9D7B8BD}.RelWithDebInfo|x64.ActiveCfg = RelWithDebInfo|x64
		{3BBE0DCF-D39F-35B2-9169-EEB0B9D7B8BD}.RelWithDebInfo|x64.Build.0 = RelWithDebInfo|x64
		{A2FCBA10-8F52-30C2-B077-56B40494880A}.Debug|x64.ActiveCfg = Debug|x64
		{A2FCBA10-8F52-30C2-B077-56B40494880A}.Debug|x64.Build.0 = Debug|x64
		{A2FCBA10-8F52-30C2-B077-56B40494880A}.Release|x64.ActiveCfg = Release|x64
		{A2FCBA10-8F52-30C2-B077-56B40494880A}.Release|x64.Build.0 = Release|x64
		{A2FCBA10-8F52-30C2-B077-56B40494880A}.MinSizeRel|x64.ActiveCfg = MinSizeRel|x64
		{A2FCBA10-8F52-30C2-B077-56B40494880A}.MinSizeRel|x64.Build.0 = MinSizeRel|x64
		{A2FCBA10-8F52-30C2-B077-56B40494880A}.RelWithDebInfo|x64.ActiveCfg = RelWithDebInfo|x64
		{A2FCBA10-8F52-30C2-B077-56B40494880A}.RelWithDebInfo|x64.Build.0 = RelWithDebInfo|x64
		{F3198BE4-552D-34C0-9428-4111A8527264}.Debug|x64.ActiveCfg = Debug|x64
		{F3198BE4-552D-34C0-9428-4111A8527264}.Debug|x64.Build.0 = Debug|x64
		{F3198BE4-552D-34C0-9428-4111A8527264}.Release|x64.ActiveCfg = Release|x64
		{F3198BE4-552D-34C0-9428-4111A8527264}.Release|x64.Build.0 = Release|x64
		{F3198BE4-552D-34C0-9428-4111A8527264}.MinSizeRel|x64.ActiveCfg = MinSizeRel|x64
		{F3198BE4-552D-34C0-9428-4111A8527264}.MinSizeRel|x64.Build.0 = MinSizeRel|x64
		{F3198BE4-552D-34C0-9428-4111A8527264}.RelWithDebInfo|x64.ActiveCfg = RelWithDebInfo|x64
		{F3198BE4-552D-34C0-9428-4111A8527264}.RelWithDebInfo|x64.Build.0 = RelWithDebInfo|x64
		{498DF087-E75B-3EF6-BAB0-5F5B6C92870B}.Debug|x64.ActiveCfg = Debug|x64
		{498DF087-E75B-3EF6-BAB0-5F5B6C92870B}.Debug|x64.Build.0 = Debug|x64
		{498DF087-E75B-3EF6-BAB0-5F5B6C92870B}.Release|x64.ActiveCfg = Release|x64
		{498DF087-E75B-3EF6-BAB0-5F5B6C92870B}.Release|x64.Build.0 = Release|x64
		{498DF087-E75B-3EF6-BAB0-5F5B6C92870B}.MinSizeRel|x64.ActiveCfg = MinSizeRel|x64
		{498DF087-E75B-3EF6-BAB0-5F5B6C92870B}.MinSizeRel|x64.Build.0 = MinSizeRel|x64
		{498DF087-E75B-3EF6-BAB0-5F5B6C92870B}.RelWithDebInfo|x64.ActiveCfg = RelWithDebInfo|x64
		{498DF087-E75B-3EF6-BAB0-5F5B6C92870B}.RelWithDebInfo|x64.Build.0 = RelWithDebInfo|x64
		{DDEB2BD0-019A-34F5-8E09-E0EB21591C19}.Debug|x64.ActiveCfg = Debug|x64
		{DDEB2BD0-019A-34F5-8E09-E0EB21591C19}.Debug|x64.Build.0 = Debug|x64
		{DDEB2BD0-019A-34F5-8E09-E0EB21591C19}.Release|x64.ActiveCfg = Release|x64
		{DDEB2BD0-019A-34F5-8E09-E0EB21591C19}.Release|x64.Build.0 = Release|x64
		{DDEB2BD0-019A-34F5-8E09-E0EB21591C19}.MinSizeRel|x64.ActiveCfg = MinSizeRel|x64
		{DDEB2BD0-019A-34F5-8E09-E0EB21591C19}.MinSizeRel|x64.Build.0 = MinSizeRel|x64
		{DDEB2BD0-019A-34F5-8E09-E0EB21591C19}.RelWithDebInfo|x64.ActiveCfg = RelWithDebInfo|x64
		{DDEB2BD0-019A-34F5-8E09-E0EB21591C19}.RelWithDebInfo|x64.Build.0 = RelWithDebInfo|x64
		{63F8DDDF-BB64-3269-83D6-DDFC99384DF5}.Debug|x64.ActiveCfg = Debug|x64
		{63F8DDDF-BB64-3269-83D6-DDFC99384DF5}.Debug|x64.Build.0 = Debug|x64
		{63F8DDDF-BB64-3269-83D6-DDFC99384DF5}.Release|x64.ActiveCfg = Release|x64
		{63F8DDDF-BB64-3269-83D6-DDFC99384DF5}.Release|x64.Build.0 = Release|x64
		{63F8DDDF-BB64-3269-83D6-DDFC99384DF5}.MinSizeRel|x64.ActiveCfg = MinSizeRel|x64
		{63F8DDDF-BB64-3269-83D6-DDFC99384DF5}.MinSizeRel|x64.Build.0 = MinSizeRel|x64
		{63F8DDDF-BB64-3269-83D6-DDFC99384DF5}.RelWithDebInfo|x64.ActiveCfg = RelWithDebInfo|x64
		{63F8DDDF-BB64-3269-83D6-DDFC99384DF5}.RelWithDebInfo|x64.Build.0 = RelWithDebInfo|x64
		{F8A97192-574F-3935-B063-50D1EDBA7E9F}.Debug|x64.ActiveCfg = Debug|x64
		{F8A97192-574F-3935-B063-50D1EDBA7E9F}.Debug|x64.Build.0 = Debug|x64
		{F8A97192-574F-3935-B063-50D1EDBA7E9F}.Release|x64.ActiveCfg = Release|x64
		{F8A97192-574F-3935-B063-50D1EDBA7E9F}.Release|x64.Build.0 = Release|x64
		{F8A97192-574F-3935-B063-50D1EDBA7E9F}.MinSizeRel|x64.ActiveCfg = MinSizeRel|x64
		{F8A97192-574F-3935-B063-50D1EDBA7E9F}.MinSizeRel|x64.Build.0 = MinSizeRel|x64
		{F8A97192-574F-3935-B063-50D1EDBA7E9F}.RelWithDebInfo|x64.ActiveCfg = RelWithDebInfo|x64
		{F8A97192-574F-3935-B063-50D1EDBA7E9F}.RelWithDebInfo|x64.Build.0 = RelWithDebInfo|x64
		{D865ACB5-651E-383C-B189-FA8B02659AB6}.Debug|x64.ActiveCfg = Debug|x64
		{D865ACB5-651E-383C-B189-FA8B02659AB6}.Debug|x64.Build.0 = Debug|x64
		{D865ACB5-651E-383C-B189-FA8B02659AB6}.Release|x64.ActiveCfg = Release|x64
		{D865ACB5-651E-383C-B189-FA8B02659AB6}.Release|x64.Build.0 = Release|x64
		{D865ACB5-651E-383C-B189-FA8B02659AB6}.MinSizeRel|x64.ActiveCfg = MinSizeRel|x64
		{D865ACB5-651E-383C-B189-FA8B02659AB6}.MinSizeRel|x64.Build.0 = MinSizeRel|x64
		{D865ACB5-651E-383C-B189-FA8B02659AB6}.RelWithDebInfo|x64.ActiveCfg = RelWithDebInfo|x64
		{D865ACB5-651E-383C-B189-FA8B02659AB6}.RelWithDebInfo|x64.Build.0 = RelWithDebInfo|x64
		{64064E37-052B-3F0B-AA09-D86C4811D4EC}.Debug|x64.ActiveCfg = Debug|x64
		{64064E37-052B-3F0B-AA09-D86C4811D4EC}.Debug|x64.Build.0 = Debug|x64
		{64064E37-052B-3F0B-AA09-D86C4811D4EC}.Release|x64.ActiveCfg = Release|x64
		{64064E37-052B-3F0B-AA09-D86C4811D4EC}.Release|x64.Build.0 = Release|x64
		{64064E37-052B-3F0B-AA09-D86C4811D4EC}.MinSizeRel|x64.ActiveCfg = MinSizeRel|x64
		{64064E37-052B-3F0B-AA09-D86C4811D4EC}.MinSizeRel|x64.Build.0 = MinSizeRel|x64
		{64064E37-052B-3F0B-AA09-D86C4811D4EC}.RelWithDebInfo|x64.ActiveCfg = RelWithDebInfo|x64
		{64064E37-052B-3F0B-AA09-D86C4811D4EC}.RelWithDebInfo|x64.Build.0 = RelWithDebInfo|x64
		{ECA8EBDE-4327-3BB6-B31D-8A08593A8761}.Debug|x64.ActiveCfg = Debug|x64
		{ECA8EBDE-4327-3BB6-B31D-8A08593A8761}.Debug|x64.Build.0 = Debug|x64
		{ECA8EBDE-4327-3BB6-B31D-8A08593A8761}.Release|x64.ActiveCfg = Release|x64
		{ECA8EBDE-4327-3BB6-B31D-8A08593A8761}.Release|x64.Build.0 = Release|x64
		{ECA8EBDE-4327-3BB6-B31D-8A08593A8761}.MinSizeRel|x64.ActiveCfg = MinSizeRel|x64
		{ECA8EBDE-4327-3BB6-B31D-8A08593A8761}.MinSizeRel|x64.Build.0 = MinSizeRel|x64
		{ECA8EBDE-4327-3BB6-B31D-8A08593A8761}.RelWithDebInfo|x64.ActiveCfg = RelWithDebInfo|x64
		{ECA8EBDE-4327-3BB6-B31D-8A08593A8761}.RelWithDebInfo|x64.Build.0 = RelWithDebInfo|x64
		{E243E185-AACF-3061-90F5-38EC99DA0BE4}.Debug|x64.ActiveCfg = Debug|x64
		{E243E185-AACF-3061-90F5-38EC99DA0BE4}.Debug|x64.Build.0 = Debug|x64
		{E243E185-AACF-3061-90F5-38EC99DA0BE4}.Release|x64.ActiveCfg = Release|x64
		{E243E185-AACF-3061-90F5-38EC99DA0BE4}.Release|x64.Build.0 = Release|x64
		{E243E185-AACF-3061-90F5-38EC99DA0BE4}.MinSizeRel|x64.ActiveCfg = MinSizeRel|x64
		{E243E185-AACF-3061-90F5-38EC99DA0BE4}.MinSizeRel|x64.Build.0 = MinSizeRel|x64
		{E243E185-AACF-3061-90F5-38EC99DA0BE4}.RelWithDebInfo|x64.ActiveCfg = RelWithDebInfo|x64
		{E243E185-AACF-3061-90F5-38EC99DA0BE4}.RelWithDebInfo|x64.Build.0 = RelWithDebInfo|x64
		{5A471903-FB31-3164-AFED-32FD755E1348}.Debug|x64.ActiveCfg = Debug|x64
		{5A471903-FB31-3164-AFED-32FD755E1348}.Debug|x64.Build.0 = Debug|x64
		{5A471903-FB31-3164-AFED-32FD755E1348}.Release|x64.ActiveCfg = Release|x64
		{5A471903-FB31-3164-AFED-32FD755E1348}.Release|x64.Build.0 = Release|x64
		{5A471903-FB31-3164-AFED-32FD755E1348}.MinSizeRel|x64.ActiveCfg = MinSizeRel|x64
		{5A471903-FB31-3164-AFED-32FD755E1348}.MinSizeRel|x64.Build.0 = MinSizeRel|x64
		{5A471903-FB31-3164-AFED-32FD755E1348}.RelWithDebInfo|x64.ActiveCfg = RelWithDebInfo|x64
		{5A471903-FB31-3164-AFED-32FD755E1348}.RelWithDebInfo|x64.Build.0 = RelWithDebInfo|x64
		{E179B797-7037-3E34-96CA-6B097A3D2E99}.Debug|x64.ActiveCfg = Debug|x64
		{E179B797-7037-3E34-96CA-6B097A3D2E99}.Debug|x64.Build.0 = Debug|x64
		{E179B797-7037-3E34-96CA-6B097A3D2E99}.Release|x64.ActiveCfg = Release|x64
		{E179B797-7037-3E34-96CA-6B097A3D2E99}.Release|x64.Build.0 = Release|x64
		{E179B797-7037-3E34-96CA-6B097A3D2E99}.MinSizeRel|x64.ActiveCfg = MinSizeRel|x64
		{E179B797-7037-3E34-96CA-6B097A3D2E99}.MinSizeRel|x64.Build.0 = MinSizeRel|x64
		{E179B797-7037-3E34-96CA-6B097A3D2E99}.RelWithDebInfo|x64.ActiveCfg = RelWithDebInfo|x64
		{E179B797-7037-3E34-96CA-6B097A3D2E99}.RelWithDebInfo|x64.Build.0 = RelWithDebInfo|x64
		{9C5A52DA-D6D6-383B-8A0F-44E7C00DB596}.Debug|x64.ActiveCfg = Debug|x64
		{9C5A52DA-D6D6-383B-8A0F-44E7C00DB596}.Release|x64.ActiveCfg = Release|x64
		{9C5A52DA-D6D6-383B-8A0F-44E7C00DB596}.MinSizeRel|x64.ActiveCfg = MinSizeRel|x64
		{9C5A52DA-D6D6-383B-8A0F-44E7C00DB596}.RelWithDebInfo|x64.ActiveCfg = RelWithDebInfo|x64
	EndGlobalSection
	GlobalSection(NestedProjects) = preSolution
		{C77CC514-E5D9-370F-B8D3-9F6DFA2D1454} = {91120063-64B1-3DF0-A3E7-665A3F8AAAE8}
		{B529A607-1F27-32D1-AA23-DF881D61087A} = {91120063-64B1-3DF0-A3E7-665A3F8AAAE8}
		{371A01BF-4A3A-3B65-BD31-702ADACED927} = {91120063-64B1-3DF0-A3E7-665A3F8AAAE8}
		{2371A0E6-B378-36C8-B00E-7813230DF23D} = {91120063-64B1-3DF0-A3E7-665A3F8AAAE8}
		{6ADAA227-421C-3F43-95C1-31337BC713E3} = {7F4099C1-7B0F-3ADD-8D3D-81161AC9D065}
		{CFE2FD33-5EAF-31AA-A6F2-CB86B0E754FD} = {7F4099C1-7B0F-3ADD-8D3D-81161AC9D065}
	EndGlobalSection
	GlobalSection(ExtensibilityGlobals) = postSolution
		SolutionGuid = {096A80D1-D1E0-3AB1-A600-76A3C1588D04}
	EndGlobalSection
	GlobalSection(ExtensibilityAddIns) = postSolution
	EndGlobalSection
EndGlobal
